// !$*UTF8*$!
{
	archiveVersion = 1;
	classes = {
	};
	objectVersion = 52;
	objects = {

/* Begin PBXBuildFile section */
		65203C822577F5F9006246C6 /* SampleCode.xcconfig in Resources */ = {isa = PBXBuildFile; fileRef = 65203C812577F5F8006246C6 /* SampleCode.xcconfig */; };
		8C4C45F4BD4AE0DD243B17C2 /* ScanditBarcodeCapture in Frameworks */ = {isa = PBXBuildFile; productRef = B61743A0AF3433DD99FE8A77 /* ScanditBarcodeCapture */; };
		939544549F534AE1561E6DC0 /* ScanditCaptureCore in Frameworks */ = {isa = PBXBuildFile; productRef = A0E6493BA1FB2B581C9EFD7B /* ScanditCaptureCore */; };
		A272999F2330F35B00A0ABE9 /* AppDelegate.swift in Sources */ = {isa = PBXBuildFile; fileRef = A272999E2330F35B00A0ABE9 /* AppDelegate.swift */; };
		A27299A12330F35B00A0ABE9 /* ViewController.swift in Sources */ = {isa = PBXBuildFile; fileRef = A27299A02330F35B00A0ABE9 /* ViewController.swift */; };
		A27299A42330F35B00A0ABE9 /* Main.storyboard in Resources */ = {isa = PBXBuildFile; fileRef = A27299A22330F35B00A0ABE9 /* Main.storyboard */; };
		A27299A62330F35D00A0ABE9 /* Assets.xcassets in Resources */ = {isa = PBXBuildFile; fileRef = A27299A52330F35D00A0ABE9 /* Assets.xcassets */; };
		A27299A92330F35D00A0ABE9 /* LaunchScreen.storyboard in Resources */ = {isa = PBXBuildFile; fileRef = A27299A72330F35D00A0ABE9 /* LaunchScreen.storyboard */; };
/* End PBXBuildFile section */

/* Begin PBXCopyFilesBuildPhase section */
		A27299C02330F8F000A0ABE9 /* Embed Frameworks */ = {
			isa = PBXCopyFilesBuildPhase;
			buildActionMask = 2147483647;
			dstPath = "";
			dstSubfolderSpec = 10;
			files = (
			);
			name = "Embed Frameworks";
			runOnlyForDeploymentPostprocessing = 0;
		};
/* End PBXCopyFilesBuildPhase section */

/* Begin PBXFileReference section */
		65203C812577F5F8006246C6 /* SampleCode.xcconfig */ = {isa = PBXFileReference; fileEncoding = 4; lastKnownFileType = text.xcconfig; path = SampleCode.xcconfig; sourceTree = "<group>"; };
		A272999B2330F35B00A0ABE9 /* BarcodeCaptureRejectSample.app */ = {isa = PBXFileReference; explicitFileType = wrapper.application; includeInIndex = 0; path = BarcodeCaptureRejectSample.app; sourceTree = BUILT_PRODUCTS_DIR; };
		A272999E2330F35B00A0ABE9 /* AppDelegate.swift */ = {isa = PBXFileReference; lastKnownFileType = sourcecode.swift; path = AppDelegate.swift; sourceTree = "<group>"; };
		A27299A02330F35B00A0ABE9 /* ViewController.swift */ = {isa = PBXFileReference; lastKnownFileType = sourcecode.swift; path = ViewController.swift; sourceTree = "<group>"; };
		A27299A32330F35B00A0ABE9 /* Base */ = {isa = PBXFileReference; lastKnownFileType = file.storyboard; name = Base; path = Base.lproj/Main.storyboard; sourceTree = "<group>"; };
		A27299A52330F35D00A0ABE9 /* Assets.xcassets */ = {isa = PBXFileReference; lastKnownFileType = folder.assetcatalog; path = Assets.xcassets; sourceTree = "<group>"; };
		A27299A82330F35D00A0ABE9 /* Base */ = {isa = PBXFileReference; lastKnownFileType = file.storyboard; name = Base; path = Base.lproj/LaunchScreen.storyboard; sourceTree = "<group>"; };
		A27299AA2330F35D00A0ABE9 /* Info.plist */ = {isa = PBXFileReference; lastKnownFileType = text.plist.xml; path = Info.plist; sourceTree = "<group>"; };
/* End PBXFileReference section */

/* Begin PBXFrameworksBuildPhase section */
		A27299982330F35B00A0ABE9 /* Frameworks */ = {
			isa = PBXFrameworksBuildPhase;
			buildActionMask = 2147483647;
			files = (
				8C4C45F4BD4AE0DD243B17C2 /* ScanditBarcodeCapture in Frameworks */,
				939544549F534AE1561E6DC0 /* ScanditCaptureCore in Frameworks */,
			);
			runOnlyForDeploymentPostprocessing = 0;
		};
/* End PBXFrameworksBuildPhase section */

/* Begin PBXGroup section */
		65203C802577F5F8006246C6 /* Configuration */ = {
			isa = PBXGroup;
			children = (
				65203C812577F5F8006246C6 /* SampleCode.xcconfig */,
			);
			name = Configuration;
			path = ../Configuration;
			sourceTree = "<group>";
		};
		A27299922330F35B00A0ABE9 = {
			isa = PBXGroup;
			children = (
				65203C802577F5F8006246C6 /* Configuration */,
				A272999D2330F35B00A0ABE9 /* BarcodeCaptureRejectSample */,
				A27299B72330F72700A0ABE9 /* Frameworks */,
				A272999C2330F35B00A0ABE9 /* Products */,
			);
			sourceTree = "<group>";
		};
		A272999C2330F35B00A0ABE9 /* Products */ = {
			isa = PBXGroup;
			children = (
				A272999B2330F35B00A0ABE9 /* BarcodeCaptureRejectSample.app */,
			);
			name = Products;
			sourceTree = "<group>";
		};
		A272999D2330F35B00A0ABE9 /* BarcodeCaptureRejectSample */ = {
			isa = PBXGroup;
			children = (
				A272999E2330F35B00A0ABE9 /* AppDelegate.swift */,
				A27299A02330F35B00A0ABE9 /* ViewController.swift */,
				A27299A22330F35B00A0ABE9 /* Main.storyboard */,
				A27299A52330F35D00A0ABE9 /* Assets.xcassets */,
				A27299A72330F35D00A0ABE9 /* LaunchScreen.storyboard */,
				A27299AA2330F35D00A0ABE9 /* Info.plist */,
			);
			path = BarcodeCaptureRejectSample;
			sourceTree = "<group>";
		};
		A27299B72330F72700A0ABE9 /* Frameworks */ = {
			isa = PBXGroup;
			children = (
			);
			name = Frameworks;
			sourceTree = "<group>";
		};
/* End PBXGroup section */

/* Begin PBXNativeTarget section */
		A272999A2330F35B00A0ABE9 /* BarcodeCaptureRejectSample */ = {
			isa = PBXNativeTarget;
			buildConfigurationList = A27299AD2330F35D00A0ABE9 /* Build configuration list for PBXNativeTarget "BarcodeCaptureRejectSample" */;
			buildPhases = (
				A27299972330F35B00A0ABE9 /* Sources */,
				A27299982330F35B00A0ABE9 /* Frameworks */,
				A27299992330F35B00A0ABE9 /* Resources */,
				A27299C02330F8F000A0ABE9 /* Embed Frameworks */,
			);
			buildRules = (
			);
			dependencies = (
			);
			name = BarcodeCaptureRejectSample;
			packageProductDependencies = (
				B61743A0AF3433DD99FE8A77 /* ScanditBarcodeCapture */,
				A0E6493BA1FB2B581C9EFD7B /* ScanditCaptureCore */,
			);
			productName = BarcodeCaptureRejectSample;
			productReference = A272999B2330F35B00A0ABE9 /* BarcodeCaptureRejectSample.app */;
			productType = "com.apple.product-type.application";
		};
/* End PBXNativeTarget section */

/* Begin PBXProject section */
		A27299932330F35B00A0ABE9 /* Project object */ = {
			isa = PBXProject;
			attributes = {
				LastSwiftUpdateCheck = 1030;
				LastUpgradeCheck = 1250;
				ORGANIZATIONNAME = Scandit;
				TargetAttributes = {
					A272999A2330F35B00A0ABE9 = {
						CreatedOnToolsVersion = 10.3;
					};
				};
			};
			buildConfigurationList = A27299962330F35B00A0ABE9 /* Build configuration list for PBXProject "BarcodeCaptureRejectSample" */;
			compatibilityVersion = "Xcode 9.3";
			developmentRegion = en;
			hasScannedForEncodings = 0;
			knownRegions = (
				en,
				Base,
			);
			mainGroup = A27299922330F35B00A0ABE9;
			packageReferences = (
				F1D04543ADB056644B1AB527 /* XCRemoteSwiftPackageReference "datacapture-spm" */,
			);
			productRefGroup = A272999C2330F35B00A0ABE9 /* Products */;
			projectDirPath = "";
			projectRoot = "";
			targets = (
				A272999A2330F35B00A0ABE9 /* BarcodeCaptureRejectSample */,
			);
		};
/* End PBXProject section */

/* Begin PBXResourcesBuildPhase section */
		A27299992330F35B00A0ABE9 /* Resources */ = {
			isa = PBXResourcesBuildPhase;
			buildActionMask = 2147483647;
			files = (
				A27299A92330F35D00A0ABE9 /* LaunchScreen.storyboard in Resources */,
				A27299A62330F35D00A0ABE9 /* Assets.xcassets in Resources */,
				A27299A42330F35B00A0ABE9 /* Main.storyboard in Resources */,
				65203C822577F5F9006246C6 /* SampleCode.xcconfig in Resources */,
			);
			runOnlyForDeploymentPostprocessing = 0;
		};
/* End PBXResourcesBuildPhase section */

/* Begin PBXSourcesBuildPhase section */
		A27299972330F35B00A0ABE9 /* Sources */ = {
			isa = PBXSourcesBuildPhase;
			buildActionMask = 2147483647;
			files = (
				A27299A12330F35B00A0ABE9 /* ViewController.swift in Sources */,
				A272999F2330F35B00A0ABE9 /* AppDelegate.swift in Sources */,
			);
			runOnlyForDeploymentPostprocessing = 0;
		};
/* End PBXSourcesBuildPhase section */

/* Begin PBXVariantGroup section */
		A27299A22330F35B00A0ABE9 /* Main.storyboard */ = {
			isa = PBXVariantGroup;
			children = (
				A27299A32330F35B00A0ABE9 /* Base */,
			);
			name = Main.storyboard;
			sourceTree = "<group>";
		};
		A27299A72330F35D00A0ABE9 /* LaunchScreen.storyboard */ = {
			isa = PBXVariantGroup;
			children = (
				A27299A82330F35D00A0ABE9 /* Base */,
			);
			name = LaunchScreen.storyboard;
			sourceTree = "<group>";
		};
/* End PBXVariantGroup section */

/* Begin XCBuildConfiguration section */
		A27299AB2330F35D00A0ABE9 /* Debug */ = {
			isa = XCBuildConfiguration;
			baseConfigurationReference = 65203C812577F5F8006246C6 /* SampleCode.xcconfig */;
			buildSettings = {
				ALWAYS_SEARCH_USER_PATHS = NO;
				CLANG_ANALYZER_NONNULL = YES;
				CLANG_ANALYZER_NUMBER_OBJECT_CONVERSION = YES_AGGRESSIVE;
				CLANG_CXX_LANGUAGE_STANDARD = "gnu++14";
				CLANG_CXX_LIBRARY = "libc++";
				CLANG_ENABLE_MODULES = YES;
				CLANG_ENABLE_OBJC_ARC = YES;
				CLANG_ENABLE_OBJC_WEAK = YES;
				CLANG_WARN_BLOCK_CAPTURE_AUTORELEASING = YES;
				CLANG_WARN_BOOL_CONVERSION = YES;
				CLANG_WARN_COMMA = YES;
				CLANG_WARN_CONSTANT_CONVERSION = YES;
				CLANG_WARN_DEPRECATED_OBJC_IMPLEMENTATIONS = YES;
				CLANG_WARN_DIRECT_OBJC_ISA_USAGE = YES_ERROR;
				CLANG_WARN_DOCUMENTATION_COMMENTS = YES;
				CLANG_WARN_EMPTY_BODY = YES;
				CLANG_WARN_ENUM_CONVERSION = YES;
				CLANG_WARN_INFINITE_RECURSION = YES;
				CLANG_WARN_INT_CONVERSION = YES;
				CLANG_WARN_NON_LITERAL_NULL_CONVERSION = YES;
				CLANG_WARN_OBJC_IMPLICIT_RETAIN_SELF = YES;
				CLANG_WARN_OBJC_LITERAL_CONVERSION = YES;
				CLANG_WARN_OBJC_ROOT_CLASS = YES_ERROR;
				CLANG_WARN_QUOTED_INCLUDE_IN_FRAMEWORK_HEADER = YES;
				CLANG_WARN_RANGE_LOOP_ANALYSIS = YES;
				CLANG_WARN_STRICT_PROTOTYPES = YES;
				CLANG_WARN_SUSPICIOUS_MOVE = YES;
				CLANG_WARN_UNGUARDED_AVAILABILITY = YES_AGGRESSIVE;
				CLANG_WARN_UNREACHABLE_CODE = YES;
				CLANG_WARN__DUPLICATE_METHOD_MATCH = YES;
				CODE_SIGN_IDENTITY = "iPhone Developer";
				COPY_PHASE_STRIP = NO;
				DEBUG_INFORMATION_FORMAT = dwarf;
				ENABLE_STRICT_OBJC_MSGSEND = YES;
				ENABLE_TESTABILITY = YES;
				GCC_C_LANGUAGE_STANDARD = gnu11;
				GCC_DYNAMIC_NO_PIC = NO;
				GCC_NO_COMMON_BLOCKS = YES;
				GCC_OPTIMIZATION_LEVEL = 0;
				GCC_PREPROCESSOR_DEFINITIONS = (
					"DEBUG=1",
					"$(inherited)",
				);
				GCC_WARN_64_TO_32_BIT_CONVERSION = YES;
				GCC_WARN_ABOUT_RETURN_TYPE = YES_ERROR;
				GCC_WARN_UNDECLARED_SELECTOR = YES;
				GCC_WARN_UNINITIALIZED_AUTOS = YES_AGGRESSIVE;
				GCC_WARN_UNUSED_FUNCTION = YES;
				GCC_WARN_UNUSED_VARIABLE = YES;
				IPHONEOS_DEPLOYMENT_TARGET = 12.4;
				MTL_ENABLE_DEBUG_INFO = INCLUDE_SOURCE;
				MTL_FAST_MATH = YES;
				ONLY_ACTIVE_ARCH = YES;
				SDKROOT = iphoneos;
				SWIFT_ACTIVE_COMPILATION_CONDITIONS = DEBUG;
				SWIFT_OPTIMIZATION_LEVEL = "-Onone";
			};
			name = Debug;
		};
		A27299AC2330F35D00A0ABE9 /* Release */ = {
			isa = XCBuildConfiguration;
			baseConfigurationReference = 65203C812577F5F8006246C6 /* SampleCode.xcconfig */;
			buildSettings = {
				ALWAYS_SEARCH_USER_PATHS = NO;
				CLANG_ANALYZER_NONNULL = YES;
				CLANG_ANALYZER_NUMBER_OBJECT_CONVERSION = YES_AGGRESSIVE;
				CLANG_CXX_LANGUAGE_STANDARD = "gnu++14";
				CLANG_CXX_LIBRARY = "libc++";
				CLANG_ENABLE_MODULES = YES;
				CLANG_ENABLE_OBJC_ARC = YES;
				CLANG_ENABLE_OBJC_WEAK = YES;
				CLANG_WARN_BLOCK_CAPTURE_AUTORELEASING = YES;
				CLANG_WARN_BOOL_CONVERSION = YES;
				CLANG_WARN_COMMA = YES;
				CLANG_WARN_CONSTANT_CONVERSION = YES;
				CLANG_WARN_DEPRECATED_OBJC_IMPLEMENTATIONS = YES;
				CLANG_WARN_DIRECT_OBJC_ISA_USAGE = YES_ERROR;
				CLANG_WARN_DOCUMENTATION_COMMENTS = YES;
				CLANG_WARN_EMPTY_BODY = YES;
				CLANG_WARN_ENUM_CONVERSION = YES;
				CLANG_WARN_INFINITE_RECURSION = YES;
				CLANG_WARN_INT_CONVERSION = YES;
				CLANG_WARN_NON_LITERAL_NULL_CONVERSION = YES;
				CLANG_WARN_OBJC_IMPLICIT_RETAIN_SELF = YES;
				CLANG_WARN_OBJC_LITERAL_CONVERSION = YES;
				CLANG_WARN_OBJC_ROOT_CLASS = YES_ERROR;
				CLANG_WARN_QUOTED_INCLUDE_IN_FRAMEWORK_HEADER = YES;
				CLANG_WARN_RANGE_LOOP_ANALYSIS = YES;
				CLANG_WARN_STRICT_PROTOTYPES = YES;
				CLANG_WARN_SUSPICIOUS_MOVE = YES;
				CLANG_WARN_UNGUARDED_AVAILABILITY = YES_AGGRESSIVE;
				CLANG_WARN_UNREACHABLE_CODE = YES;
				CLANG_WARN__DUPLICATE_METHOD_MATCH = YES;
				CODE_SIGN_IDENTITY = "iPhone Developer";
				COPY_PHASE_STRIP = NO;
				DEBUG_INFORMATION_FORMAT = "dwarf-with-dsym";
				ENABLE_NS_ASSERTIONS = NO;
				ENABLE_STRICT_OBJC_MSGSEND = YES;
				GCC_C_LANGUAGE_STANDARD = gnu11;
				GCC_NO_COMMON_BLOCKS = YES;
				GCC_WARN_64_TO_32_BIT_CONVERSION = YES;
				GCC_WARN_ABOUT_RETURN_TYPE = YES_ERROR;
				GCC_WARN_UNDECLARED_SELECTOR = YES;
				GCC_WARN_UNINITIALIZED_AUTOS = YES_AGGRESSIVE;
				GCC_WARN_UNUSED_FUNCTION = YES;
				GCC_WARN_UNUSED_VARIABLE = YES;
				IPHONEOS_DEPLOYMENT_TARGET = 12.4;
				MTL_ENABLE_DEBUG_INFO = NO;
				MTL_FAST_MATH = YES;
				SDKROOT = iphoneos;
				SWIFT_COMPILATION_MODE = wholemodule;
				SWIFT_OPTIMIZATION_LEVEL = "-O";
				VALIDATE_PRODUCT = YES;
			};
			name = Release;
		};
		A27299AE2330F35D00A0ABE9 /* Debug */ = {
			isa = XCBuildConfiguration;
			baseConfigurationReference = 65203C812577F5F8006246C6 /* SampleCode.xcconfig */;
			buildSettings = {
				ASSETCATALOG_COMPILER_APPICON_NAME = AppIcon;
				CODE_SIGN_IDENTITY = "iPhone Developer";
				CODE_SIGN_STYLE = Automatic;
				DEVELOPMENT_TEAM = "";
				ENABLE_BITCODE = NO;
				GCC_TREAT_WARNINGS_AS_ERRORS = YES;
				INFOPLIST_FILE = "$(SRCROOT)/BarcodeCaptureRejectSample/Info.plist";
				IPHONEOS_DEPLOYMENT_TARGET = 13.0;
				LD_RUNPATH_SEARCH_PATHS = (
					"$(inherited)",
					"@executable_path/Frameworks",
				);
				PRODUCT_BUNDLE_IDENTIFIER = "com.scandit.BarcodeCaptureRejectSample${SAMPLE_CODE_DISAMBIGUATOR}";
				PRODUCT_NAME = "$(TARGET_NAME)";
				PROVISIONING_PROFILE_SPECIFIER = "";
				SWIFT_TREAT_WARNINGS_AS_ERRORS = YES;
				SWIFT_VERSION = 5.0;
				TARGETED_DEVICE_FAMILY = "1,2";
			};
			name = Debug;
		};
		A27299AF2330F35D00A0ABE9 /* Release */ = {
			isa = XCBuildConfiguration;
			baseConfigurationReference = 65203C812577F5F8006246C6 /* SampleCode.xcconfig */;
			buildSettings = {
				ASSETCATALOG_COMPILER_APPICON_NAME = AppIcon;
				CODE_SIGN_IDENTITY = "iPhone Developer";
				CODE_SIGN_STYLE = Automatic;
				DEVELOPMENT_TEAM = "";
				ENABLE_BITCODE = NO;
				GCC_TREAT_WARNINGS_AS_ERRORS = YES;
				INFOPLIST_FILE = "$(SRCROOT)/BarcodeCaptureRejectSample/Info.plist";
				IPHONEOS_DEPLOYMENT_TARGET = 13.0;
				LD_RUNPATH_SEARCH_PATHS = (
					"$(inherited)",
					"@executable_path/Frameworks",
				);
				PRODUCT_BUNDLE_IDENTIFIER = "com.scandit.BarcodeCaptureRejectSample${SAMPLE_CODE_DISAMBIGUATOR}";
				PRODUCT_NAME = "$(TARGET_NAME)";
				PROVISIONING_PROFILE_SPECIFIER = "";
				SWIFT_TREAT_WARNINGS_AS_ERRORS = YES;
				SWIFT_VERSION = 5.0;
				TARGETED_DEVICE_FAMILY = "1,2";
			};
			name = Release;
		};
/* End XCBuildConfiguration section */

/* Begin XCConfigurationList section */
		A27299962330F35B00A0ABE9 /* Build configuration list for PBXProject "BarcodeCaptureRejectSample" */ = {
			isa = XCConfigurationList;
			buildConfigurations = (
				A27299AB2330F35D00A0ABE9 /* Debug */,
				A27299AC2330F35D00A0ABE9 /* Release */,
			);
			defaultConfigurationIsVisible = 0;
			defaultConfigurationName = Release;
		};
		A27299AD2330F35D00A0ABE9 /* Build configuration list for PBXNativeTarget "BarcodeCaptureRejectSample" */ = {
			isa = XCConfigurationList;
			buildConfigurations = (
				A27299AE2330F35D00A0ABE9 /* Debug */,
				A27299AF2330F35D00A0ABE9 /* Release */,
			);
			defaultConfigurationIsVisible = 0;
			defaultConfigurationName = Release;
		};
/* End XCConfigurationList section */

/* Begin XCRemoteSwiftPackageReference section */
		F1D04543ADB056644B1AB527 /* XCRemoteSwiftPackageReference "datacapture-spm" */ = {
			isa = XCRemoteSwiftPackageReference;
			repositoryURL = "git@github.com:Scandit/datacapture-spm.git";
			requirement = {
				kind = upToNextMinorVersion;
				minimumVersion = 6.23.2;
			};
		};
/* End XCRemoteSwiftPackageReference section */

/* Begin XCSwiftPackageProductDependency section */
		A0E6493BA1FB2B581C9EFD7B /* ScanditCaptureCore */ = {
			isa = XCSwiftPackageProductDependency;
			package = F1D04543ADB056644B1AB527 /* XCRemoteSwiftPackageReference "datacapture-spm" */;
			productName = ScanditCaptureCore;
		};
		B61743A0AF3433DD99FE8A77 /* ScanditBarcodeCapture */ = {
			isa = XCSwiftPackageProductDependency;
			package = F1D04543ADB056644B1AB527 /* XCRemoteSwiftPackageReference "datacapture-spm" */;
			productName = ScanditBarcodeCapture;
		};
/* End XCSwiftPackageProductDependency section */
	};
	rootObject = A27299932330F35B00A0ABE9 /* Project object */;
}
