// !$*UTF8*$!
{
	archiveVersion = 1;
	classes = {
	};
	objectVersion = 60;
	objects = {

/* Begin PBXBuildFile section */
		074E4CD9B479222D0D6AD086 /* ScanditLabelCaptureText in Frameworks */ = {isa = PBXBuildFile; productRef = 185343DAA556067EB357CD65 /* ScanditLabelCaptureText */; };
		1EFE41A79659B0DAC945598F /* ScanditBarcodeCapture in Frameworks */ = {isa = PBXBuildFile; productRef = 6ED344838B49FADDEFB6F2C3 /* ScanditBarcodeCapture */; };
		A17648D99D7BB746CF0EDAB2 /* ScanditLabelCapture in Frameworks */ = {isa = PBXBuildFile; productRef = 81414458A816AD3BC926231F /* ScanditLabelCapture */; };
		B9AC4BB2A6DA628943F21182 /* ScanditCaptureCore in Frameworks */ = {isa = PBXBuildFile; productRef = CABE48BBAFA674D1BD7B96F2 /* ScanditCaptureCore */; };
		DC28AFCA2CAACAA500EE33A4 /* Item.swift in Sources */ = {isa = PBXBuildFile; fileRef = DC28AFC92CAACAA500EE33A4 /* Item.swift */; };
		DC28AFD22CAAD1A100EE33A4 /* ScanResultsViewController.swift in Sources */ = {isa = PBXBuildFile; fileRef = DC28AFD12CAAD1A100EE33A4 /* ScanResultsViewController.swift */; };
		DC28AFD72CAAF36C00EE33A4 /* SheetContainerViewController.swift in Sources */ = {isa = PBXBuildFile; fileRef = DC28AFD62CAAF36C00EE33A4 /* SheetContainerViewController.swift */; };
		DC28AFD92CAC2F9700EE33A4 /* WeightedItemCell.swift in Sources */ = {isa = PBXBuildFile; fileRef = DC28AFD82CAC2F9700EE33A4 /* WeightedItemCell.swift */; };
		DC28AFDC2CAC2FBE00EE33A4 /* RegularItemCell.swift in Sources */ = {isa = PBXBuildFile; fileRef = DC28AFDB2CAC2FBE00EE33A4 /* RegularItemCell.swift */; };
		DC4846902CA1761E000F7465 /* DataCaptureContext+Extensions.swift in Sources */ = {isa = PBXBuildFile; fileRef = DC48468F2CA1761E000F7465 /* DataCaptureContext+Extensions.swift */; };
		DC8FDD612C949DF600DD816E /* AppDelegate.swift in Sources */ = {isa = PBXBuildFile; fileRef = DC8FDD602C949DF600DD816E /* AppDelegate.swift */; };
		DC8FDD682C949DF600DD816E /* Base in Resources */ = {isa = PBXBuildFile; fileRef = DC8FDD672C949DF600DD816E /* Base */; };
		DC8FDD6A2C949DF700DD816E /* Assets.xcassets in Resources */ = {isa = PBXBuildFile; fileRef = DC8FDD692C949DF700DD816E /* Assets.xcassets */; };
		DC8FDD6D2C949DF700DD816E /* Base in Resources */ = {isa = PBXBuildFile; fileRef = DC8FDD6C2C949DF700DD816E /* Base */; };
		DC8FDD752C949EC300DD816E /* ScanViewController.swift in Sources */ = {isa = PBXBuildFile; fileRef = DC8FDD742C949EC200DD816E /* ScanViewController.swift */; };
		DC8FDD7A2C949F8B00DD816E /* SampleCode.xcconfig in Resources */ = {isa = PBXBuildFile; fileRef = DC8FDD782C949F8B00DD816E /* SampleCode.xcconfig */; };
		DCE94B832CAD865200BCDE75 /* EditMissingInfoViewController.swift in Sources */ = {isa = PBXBuildFile; fileRef = DCE94B822CAD865200BCDE75 /* EditMissingInfoViewController.swift */; };
/* End PBXBuildFile section */

/* Begin PBXCopyFilesBuildPhase section */
		DC8FDD862C94A03C00DD816E /* Embed Frameworks */ = {
			isa = PBXCopyFilesBuildPhase;
			buildActionMask = 2147483647;
			dstPath = "";
			dstSubfolderSpec = 10;
			files = (
			);
			name = "Embed Frameworks";
			runOnlyForDeploymentPostprocessing = 0;
		};
/* End PBXCopyFilesBuildPhase section */

/* Begin PBXFileReference section */
		DC28AFC92CAACAA500EE33A4 /* Item.swift */ = {isa = PBXFileReference; lastKnownFileType = sourcecode.swift; path = Item.swift; sourceTree = "<group>"; };
		DC28AFD12CAAD1A100EE33A4 /* ScanResultsViewController.swift */ = {isa = PBXFileReference; lastKnownFileType = sourcecode.swift; path = ScanResultsViewController.swift; sourceTree = "<group>"; };
		DC28AFD62CAAF36C00EE33A4 /* SheetContainerViewController.swift */ = {isa = PBXFileReference; lastKnownFileType = sourcecode.swift; path = SheetContainerViewController.swift; sourceTree = "<group>"; };
		DC28AFD82CAC2F9700EE33A4 /* WeightedItemCell.swift */ = {isa = PBXFileReference; lastKnownFileType = sourcecode.swift; path = WeightedItemCell.swift; sourceTree = "<group>"; };
		DC28AFDB2CAC2FBE00EE33A4 /* RegularItemCell.swift */ = {isa = PBXFileReference; lastKnownFileType = sourcecode.swift; path = RegularItemCell.swift; sourceTree = "<group>"; };
		DC48468F2CA1761E000F7465 /* DataCaptureContext+Extensions.swift */ = {isa = PBXFileReference; fileEncoding = 4; lastKnownFileType = sourcecode.swift; path = "DataCaptureContext+Extensions.swift"; sourceTree = "<group>"; };
		DC8FDD5D2C949DF600DD816E /* PriceWeightLabelCaptureSample.app */ = {isa = PBXFileReference; explicitFileType = wrapper.application; includeInIndex = 0; path = PriceWeightLabelCaptureSample.app; sourceTree = BUILT_PRODUCTS_DIR; };
		DC8FDD602C949DF600DD816E /* AppDelegate.swift */ = {isa = PBXFileReference; lastKnownFileType = sourcecode.swift; path = AppDelegate.swift; sourceTree = "<group>"; };
		DC8FDD672C949DF600DD816E /* Base */ = {isa = PBXFileReference; lastKnownFileType = file.storyboard; name = Base; path = Base.lproj/Main.storyboard; sourceTree = "<group>"; };
		DC8FDD692C949DF700DD816E /* Assets.xcassets */ = {isa = PBXFileReference; lastKnownFileType = folder.assetcatalog; path = Assets.xcassets; sourceTree = "<group>"; };
		DC8FDD6C2C949DF700DD816E /* Base */ = {isa = PBXFileReference; lastKnownFileType = file.storyboard; name = Base; path = Base.lproj/LaunchScreen.storyboard; sourceTree = "<group>"; };
		DC8FDD6E2C949DF700DD816E /* Info.plist */ = {isa = PBXFileReference; lastKnownFileType = text.plist.xml; path = Info.plist; sourceTree = "<group>"; };
		DC8FDD742C949EC200DD816E /* ScanViewController.swift */ = {isa = PBXFileReference; fileEncoding = 4; lastKnownFileType = sourcecode.swift; path = ScanViewController.swift; sourceTree = "<group>"; };
		DC8FDD782C949F8B00DD816E /* SampleCode.xcconfig */ = {isa = PBXFileReference; fileEncoding = 4; lastKnownFileType = text.xcconfig; path = SampleCode.xcconfig; sourceTree = "<group>"; };
		DCE94B822CAD865200BCDE75 /* EditMissingInfoViewController.swift */ = {isa = PBXFileReference; lastKnownFileType = sourcecode.swift; path = EditMissingInfoViewController.swift; sourceTree = "<group>"; };
/* End PBXFileReference section */

/* Begin PBXFrameworksBuildPhase section */
		DC8FDD5A2C949DF600DD816E /* Frameworks */ = {
			isa = PBXFrameworksBuildPhase;
			buildActionMask = 2147483647;
			files = (
				074E4CD9B479222D0D6AD086 /* ScanditLabelCaptureText in Frameworks */,
				B9AC4BB2A6DA628943F21182 /* ScanditCaptureCore in Frameworks */,
				A17648D99D7BB746CF0EDAB2 /* ScanditLabelCapture in Frameworks */,
				1EFE41A79659B0DAC945598F /* ScanditBarcodeCapture in Frameworks */,
			);
			runOnlyForDeploymentPostprocessing = 0;
		};
/* End PBXFrameworksBuildPhase section */

/* Begin PBXGroup section */
		DC28AFC82CAACA6D00EE33A4 /* Models */ = {
			isa = PBXGroup;
			children = (
				DC28AFC92CAACAA500EE33A4 /* Item.swift */,
			);
			path = Models;
			sourceTree = "<group>";
		};
		DC28AFDA2CAC2F9B00EE33A4 /* Views */ = {
			isa = PBXGroup;
			children = (
				DC28AFDB2CAC2FBE00EE33A4 /* RegularItemCell.swift */,
				DC28AFD82CAC2F9700EE33A4 /* WeightedItemCell.swift */,
			);
			path = Views;
			sourceTree = "<group>";
		};
		DC4846912CA17621000F7465 /* Extensions */ = {
			isa = PBXGroup;
			children = (
				DC48468F2CA1761E000F7465 /* DataCaptureContext+Extensions.swift */,
			);
			path = Extensions;
			sourceTree = "<group>";
		};
		DC8FDD542C949DF600DD816E = {
			isa = PBXGroup;
			children = (
				DC8FDD792C949F8B00DD816E /* Configuration */,
				DC8FDD5F2C949DF600DD816E /* PriceWeightLabelCaptureSample */,
				DC8FDD7F2C94A01400DD816E /* Frameworks */,
				DC8FDD5E2C949DF600DD816E /* Products */,
			);
			sourceTree = "<group>";
		};
		DC8FDD5E2C949DF600DD816E /* Products */ = {
			isa = PBXGroup;
			children = (
				DC8FDD5D2C949DF600DD816E /* PriceWeightLabelCaptureSample.app */,
			);
			name = Products;
			sourceTree = "<group>";
		};
		DC8FDD5F2C949DF600DD816E /* PriceWeightLabelCaptureSample */ = {
			isa = PBXGroup;
			children = (
				DC4846912CA17621000F7465 /* Extensions */,
				DC28AFC82CAACA6D00EE33A4 /* Models */,
				DC8FDD772C949EDD00DD816E /* ViewControllers */,
				DC28AFDA2CAC2F9B00EE33A4 /* Views */,
				DC8FDD762C949ED400DD816E /* Storyboards */,
				DC8FDD602C949DF600DD816E /* AppDelegate.swift */,
				DC8FDD692C949DF700DD816E /* Assets.xcassets */,
				DC8FDD6E2C949DF700DD816E /* Info.plist */,
			);
			path = PriceWeightLabelCaptureSample;
			sourceTree = "<group>";
		};
		DC8FDD762C949ED400DD816E /* Storyboards */ = {
			isa = PBXGroup;
			children = (
				DC8FDD662C949DF600DD816E /* Main.storyboard */,
				DC8FDD6B2C949DF700DD816E /* LaunchScreen.storyboard */,
			);
			path = Storyboards;
			sourceTree = "<group>";
		};
		DC8FDD772C949EDD00DD816E /* ViewControllers */ = {
			isa = PBXGroup;
			children = (
				DCE94B822CAD865200BCDE75 /* EditMissingInfoViewController.swift */,
				DC28AFD12CAAD1A100EE33A4 /* ScanResultsViewController.swift */,
				DC8FDD742C949EC200DD816E /* ScanViewController.swift */,
				DC28AFD62CAAF36C00EE33A4 /* SheetContainerViewController.swift */,
			);
			path = ViewControllers;
			sourceTree = "<group>";
		};
		DC8FDD792C949F8B00DD816E /* Configuration */ = {
			isa = PBXGroup;
			children = (
				DC8FDD782C949F8B00DD816E /* SampleCode.xcconfig */,
			);
			name = Configuration;
			path = ../Configuration;
			sourceTree = "<group>";
		};
		DC8FDD7F2C94A01400DD816E /* Frameworks */ = {
			isa = PBXGroup;
			children = (
			);
			name = Frameworks;
			sourceTree = "<group>";
		};
/* End PBXGroup section */

/* Begin PBXNativeTarget section */
		DC8FDD5C2C949DF600DD816E /* PriceWeightLabelCaptureSample */ = {
			isa = PBXNativeTarget;
			buildConfigurationList = DC8FDD712C949DF700DD816E /* Build configuration list for PBXNativeTarget "PriceWeightLabelCaptureSample" */;
			buildPhases = (
				DC8FDD592C949DF600DD816E /* Sources */,
				DC8FDD5A2C949DF600DD816E /* Frameworks */,
				DC8FDD5B2C949DF600DD816E /* Resources */,
				DC8FDD862C94A03C00DD816E /* Embed Frameworks */,
			);
			buildRules = (
			);
			dependencies = (
			);
			name = PriceWeightLabelCaptureSample;
			packageProductDependencies = (
				185343DAA556067EB357CD65 /* ScanditLabelCaptureText */,
				CABE48BBAFA674D1BD7B96F2 /* ScanditCaptureCore */,
				81414458A816AD3BC926231F /* ScanditLabelCapture */,
				6ED344838B49FADDEFB6F2C3 /* ScanditBarcodeCapture */,
			);
			productName = PriceWeightLabelCaptureSample;
			productReference = DC8FDD5D2C949DF600DD816E /* PriceWeightLabelCaptureSample.app */;
			productType = "com.apple.product-type.application";
		};
/* End PBXNativeTarget section */

/* Begin PBXProject section */
		DC8FDD552C949DF600DD816E /* Project object */ = {
			isa = PBXProject;
			attributes = {
				BuildIndependentTargetsInParallel = 1;
				LastSwiftUpdateCheck = 1540;
				LastUpgradeCheck = 1540;
				TargetAttributes = {
					DC8FDD5C2C949DF600DD816E = {
						CreatedOnToolsVersion = 15.4;
					};
				};
			};
			buildConfigurationList = DC8FDD582C949DF600DD816E /* Build configuration list for PBXProject "PriceWeightLabelCaptureSample" */;
			compatibilityVersion = "Xcode 14.0";
			developmentRegion = en;
			hasScannedForEncodings = 0;
			knownRegions = (
				en,
				Base,
			);
			mainGroup = DC8FDD542C949DF600DD816E;
			packageReferences = (
				8C724EA789BB58E562019C51 /* XCRemoteSwiftPackageReference "datacapture-spm" */,
			);
			productRefGroup = DC8FDD5E2C949DF600DD816E /* Products */;
			projectDirPath = "";
			projectRoot = "";
			targets = (
				DC8FDD5C2C949DF600DD816E /* PriceWeightLabelCaptureSample */,
			);
		};
/* End PBXProject section */

/* Begin PBXResourcesBuildPhase section */
		DC8FDD5B2C949DF600DD816E /* Resources */ = {
			isa = PBXResourcesBuildPhase;
			buildActionMask = 2147483647;
			files = (
				DC8FDD6A2C949DF700DD816E /* Assets.xcassets in Resources */,
				DC8FDD6D2C949DF700DD816E /* Base in Resources */,
				DC8FDD682C949DF600DD816E /* Base in Resources */,
				DC8FDD7A2C949F8B00DD816E /* SampleCode.xcconfig in Resources */,
			);
			runOnlyForDeploymentPostprocessing = 0;
		};
/* End PBXResourcesBuildPhase section */

/* Begin PBXSourcesBuildPhase section */
		DC8FDD592C949DF600DD816E /* Sources */ = {
			isa = PBXSourcesBuildPhase;
			buildActionMask = 2147483647;
			files = (
				DC28AFD72CAAF36C00EE33A4 /* SheetContainerViewController.swift in Sources */,
				DC28AFDC2CAC2FBE00EE33A4 /* RegularItemCell.swift in Sources */,
				DC4846902CA1761E000F7465 /* DataCaptureContext+Extensions.swift in Sources */,
				DC28AFD92CAC2F9700EE33A4 /* WeightedItemCell.swift in Sources */,
				DC28AFCA2CAACAA500EE33A4 /* Item.swift in Sources */,
				DCE94B832CAD865200BCDE75 /* EditMissingInfoViewController.swift in Sources */,
				DC8FDD752C949EC300DD816E /* ScanViewController.swift in Sources */,
				DC28AFD22CAAD1A100EE33A4 /* ScanResultsViewController.swift in Sources */,
				DC8FDD612C949DF600DD816E /* AppDelegate.swift in Sources */,
			);
			runOnlyForDeploymentPostprocessing = 0;
		};
/* End PBXSourcesBuildPhase section */

/* Begin PBXVariantGroup section */
		DC8FDD662C949DF600DD816E /* Main.storyboard */ = {
			isa = PBXVariantGroup;
			children = (
				DC8FDD672C949DF600DD816E /* Base */,
			);
			name = Main.storyboard;
			sourceTree = "<group>";
		};
		DC8FDD6B2C949DF700DD816E /* LaunchScreen.storyboard */ = {
			isa = PBXVariantGroup;
			children = (
				DC8FDD6C2C949DF700DD816E /* Base */,
			);
			name = LaunchScreen.storyboard;
			sourceTree = "<group>";
		};
/* End PBXVariantGroup section */

/* Begin XCBuildConfiguration section */
		DC8FDD6F2C949DF700DD816E /* Debug */ = {
			isa = XCBuildConfiguration;
			buildSettings = {
				ALWAYS_SEARCH_USER_PATHS = NO;
				ASSETCATALOG_COMPILER_GENERATE_SWIFT_ASSET_SYMBOL_EXTENSIONS = YES;
				CLANG_ANALYZER_NONNULL = YES;
				CLANG_ANALYZER_NUMBER_OBJECT_CONVERSION = YES_AGGRESSIVE;
				CLANG_CXX_LANGUAGE_STANDARD = "gnu++20";
				CLANG_ENABLE_MODULES = YES;
				CLANG_ENABLE_OBJC_ARC = YES;
				CLANG_ENABLE_OBJC_WEAK = YES;
				CLANG_WARN_BLOCK_CAPTURE_AUTORELEASING = YES;
				CLANG_WARN_BOOL_CONVERSION = YES;
				CLANG_WARN_COMMA = YES;
				CLANG_WARN_CONSTANT_CONVERSION = YES;
				CLANG_WARN_DEPRECATED_OBJC_IMPLEMENTATIONS = YES;
				CLANG_WARN_DIRECT_OBJC_ISA_USAGE = YES_ERROR;
				CLANG_WARN_DOCUMENTATION_COMMENTS = YES;
				CLANG_WARN_EMPTY_BODY = YES;
				CLANG_WARN_ENUM_CONVERSION = YES;
				CLANG_WARN_INFINITE_RECURSION = YES;
				CLANG_WARN_INT_CONVERSION = YES;
				CLANG_WARN_NON_LITERAL_NULL_CONVERSION = YES;
				CLANG_WARN_OBJC_IMPLICIT_RETAIN_SELF = YES;
				CLANG_WARN_OBJC_LITERAL_CONVERSION = YES;
				CLANG_WARN_OBJC_ROOT_CLASS = YES_ERROR;
				CLANG_WARN_QUOTED_INCLUDE_IN_FRAMEWORK_HEADER = YES;
				CLANG_WARN_RANGE_LOOP_ANALYSIS = YES;
				CLANG_WARN_STRICT_PROTOTYPES = YES;
				CLANG_WARN_SUSPICIOUS_MOVE = YES;
				CLANG_WARN_UNGUARDED_AVAILABILITY = YES_AGGRESSIVE;
				CLANG_WARN_UNREACHABLE_CODE = YES;
				CLANG_WARN__DUPLICATE_METHOD_MATCH = YES;
				CODE_SIGN_IDENTITY = "iPhone Developer";
				COPY_PHASE_STRIP = NO;
				DEBUG_INFORMATION_FORMAT = dwarf;
				ENABLE_STRICT_OBJC_MSGSEND = YES;
				ENABLE_TESTABILITY = YES;
				ENABLE_USER_SCRIPT_SANDBOXING = YES;
				GCC_C_LANGUAGE_STANDARD = gnu17;
				GCC_DYNAMIC_NO_PIC = NO;
				GCC_NO_COMMON_BLOCKS = YES;
				GCC_OPTIMIZATION_LEVEL = 0;
				GCC_PREPROCESSOR_DEFINITIONS = (
					"DEBUG=1",
					"$(inherited)",
				);
				GCC_WARN_64_TO_32_BIT_CONVERSION = YES;
				GCC_WARN_ABOUT_RETURN_TYPE = YES_ERROR;
				GCC_WARN_UNDECLARED_SELECTOR = YES;
				GCC_WARN_UNINITIALIZED_AUTOS = YES_AGGRESSIVE;
				GCC_WARN_UNUSED_FUNCTION = YES;
				GCC_WARN_UNUSED_VARIABLE = YES;
				IPHONEOS_DEPLOYMENT_TARGET = 14.0;
				LOCALIZATION_PREFERS_STRING_CATALOGS = YES;
				MTL_ENABLE_DEBUG_INFO = INCLUDE_SOURCE;
				MTL_FAST_MATH = YES;
				ONLY_ACTIVE_ARCH = YES;
				SDKROOT = iphoneos;
				SWIFT_ACTIVE_COMPILATION_CONDITIONS = "DEBUG $(inherited)";
				SWIFT_OPTIMIZATION_LEVEL = "-Onone";
			};
			name = Debug;
		};
		DC8FDD702C949DF700DD816E /* Release */ = {
			isa = XCBuildConfiguration;
			buildSettings = {
				ALWAYS_SEARCH_USER_PATHS = NO;
				ASSETCATALOG_COMPILER_GENERATE_SWIFT_ASSET_SYMBOL_EXTENSIONS = YES;
				CLANG_ANALYZER_NONNULL = YES;
				CLANG_ANALYZER_NUMBER_OBJECT_CONVERSION = YES_AGGRESSIVE;
				CLANG_CXX_LANGUAGE_STANDARD = "gnu++20";
				CLANG_ENABLE_MODULES = YES;
				CLANG_ENABLE_OBJC_ARC = YES;
				CLANG_ENABLE_OBJC_WEAK = YES;
				CLANG_WARN_BLOCK_CAPTURE_AUTORELEASING = YES;
				CLANG_WARN_BOOL_CONVERSION = YES;
				CLANG_WARN_COMMA = YES;
				CLANG_WARN_CONSTANT_CONVERSION = YES;
				CLANG_WARN_DEPRECATED_OBJC_IMPLEMENTATIONS = YES;
				CLANG_WARN_DIRECT_OBJC_ISA_USAGE = YES_ERROR;
				CLANG_WARN_DOCUMENTATION_COMMENTS = YES;
				CLANG_WARN_EMPTY_BODY = YES;
				CLANG_WARN_ENUM_CONVERSION = YES;
				CLANG_WARN_INFINITE_RECURSION = YES;
				CLANG_WARN_INT_CONVERSION = YES;
				CLANG_WARN_NON_LITERAL_NULL_CONVERSION = YES;
				CLANG_WARN_OBJC_IMPLICIT_RETAIN_SELF = YES;
				CLANG_WARN_OBJC_LITERAL_CONVERSION = YES;
				CLANG_WARN_OBJC_ROOT_CLASS = YES_ERROR;
				CLANG_WARN_QUOTED_INCLUDE_IN_FRAMEWORK_HEADER = YES;
				CLANG_WARN_RANGE_LOOP_ANALYSIS = YES;
				CLANG_WARN_STRICT_PROTOTYPES = YES;
				CLANG_WARN_SUSPICIOUS_MOVE = YES;
				CLANG_WARN_UNGUARDED_AVAILABILITY = YES_AGGRESSIVE;
				CLANG_WARN_UNREACHABLE_CODE = YES;
				CLANG_WARN__DUPLICATE_METHOD_MATCH = YES;
				CODE_SIGN_IDENTITY = "iPhone Developer";
				COPY_PHASE_STRIP = NO;
				DEBUG_INFORMATION_FORMAT = "dwarf-with-dsym";
				ENABLE_NS_ASSERTIONS = NO;
				ENABLE_STRICT_OBJC_MSGSEND = YES;
				ENABLE_USER_SCRIPT_SANDBOXING = YES;
				GCC_C_LANGUAGE_STANDARD = gnu17;
				GCC_NO_COMMON_BLOCKS = YES;
				GCC_WARN_64_TO_32_BIT_CONVERSION = YES;
				GCC_WARN_ABOUT_RETURN_TYPE = YES_ERROR;
				GCC_WARN_UNDECLARED_SELECTOR = YES;
				GCC_WARN_UNINITIALIZED_AUTOS = YES_AGGRESSIVE;
				GCC_WARN_UNUSED_FUNCTION = YES;
				GCC_WARN_UNUSED_VARIABLE = YES;
				IPHONEOS_DEPLOYMENT_TARGET = 14.0;
				LOCALIZATION_PREFERS_STRING_CATALOGS = YES;
				MTL_ENABLE_DEBUG_INFO = NO;
				MTL_FAST_MATH = YES;
				SDKROOT = iphoneos;
				SWIFT_COMPILATION_MODE = wholemodule;
				VALIDATE_PRODUCT = YES;
			};
			name = Release;
		};
		DC8FDD722C949DF700DD816E /* Debug */ = {
			isa = XCBuildConfiguration;
			baseConfigurationReference = DC8FDD782C949F8B00DD816E /* SampleCode.xcconfig */;
			buildSettings = {
				ASSETCATALOG_COMPILER_APPICON_NAME = AppIcon;
				CODE_SIGN_STYLE = Automatic;
				CURRENT_PROJECT_VERSION = 1;
				DEVELOPMENT_TEAM = "";
				GCC_TREAT_WARNINGS_AS_ERRORS = YES;
				INFOPLIST_FILE = PriceWeightLabelCaptureSample/Info.plist;
				INFOPLIST_KEY_UIApplicationSupportsIndirectInputEvents = YES;
				INFOPLIST_KEY_UILaunchStoryboardName = LaunchScreen;
				INFOPLIST_KEY_UIMainStoryboardFile = Main;
				INFOPLIST_KEY_UISupportedInterfaceOrientations = UIInterfaceOrientationPortrait;
				IPHONEOS_DEPLOYMENT_TARGET = 14.0;
				LD_RUNPATH_SEARCH_PATHS = (
					"$(inherited)",
					"@executable_path/Frameworks",
				);
				MARKETING_VERSION = 1.0;
				PRODUCT_BUNDLE_IDENTIFIER = "com.scandit.PriceWeightLabelCaptureSample${SAMPLE_CODE_DISAMBIGUATOR}";
				PRODUCT_NAME = "$(TARGET_NAME)";
				SWIFT_EMIT_LOC_STRINGS = YES;
				SWIFT_TREAT_WARNINGS_AS_ERRORS = YES;
				SWIFT_VERSION = 5.0;
				TARGETED_DEVICE_FAMILY = "1,2";
			};
			name = Debug;
		};
		DC8FDD732C949DF700DD816E /* Release */ = {
			isa = XCBuildConfiguration;
			baseConfigurationReference = DC8FDD782C949F8B00DD816E /* SampleCode.xcconfig */;
			buildSettings = {
				ASSETCATALOG_COMPILER_APPICON_NAME = AppIcon;
				CODE_SIGN_STYLE = Automatic;
				CURRENT_PROJECT_VERSION = 1;
				DEVELOPMENT_TEAM = "";
				GCC_TREAT_WARNINGS_AS_ERRORS = YES;
				INFOPLIST_FILE = PriceWeightLabelCaptureSample/Info.plist;
				INFOPLIST_KEY_UIApplicationSupportsIndirectInputEvents = YES;
				INFOPLIST_KEY_UILaunchStoryboardName = LaunchScreen;
				INFOPLIST_KEY_UIMainStoryboardFile = Main;
				INFOPLIST_KEY_UISupportedInterfaceOrientations = UIInterfaceOrientationPortrait;
				IPHONEOS_DEPLOYMENT_TARGET = 14.0;
				LD_RUNPATH_SEARCH_PATHS = (
					"$(inherited)",
					"@executable_path/Frameworks",
				);
				MARKETING_VERSION = 1.0;
				PRODUCT_BUNDLE_IDENTIFIER = "com.scandit.PriceWeightLabelCaptureSample${SAMPLE_CODE_DISAMBIGUATOR}";
				PRODUCT_NAME = "$(TARGET_NAME)";
				SWIFT_EMIT_LOC_STRINGS = YES;
				SWIFT_TREAT_WARNINGS_AS_ERRORS = YES;
				SWIFT_VERSION = 5.0;
				TARGETED_DEVICE_FAMILY = "1,2";
			};
			name = Release;
		};
/* End XCBuildConfiguration section */

/* Begin XCConfigurationList section */
		DC8FDD582C949DF600DD816E /* Build configuration list for PBXProject "PriceWeightLabelCaptureSample" */ = {
			isa = XCConfigurationList;
			buildConfigurations = (
				DC8FDD6F2C949DF700DD816E /* Debug */,
				DC8FDD702C949DF700DD816E /* Release */,
			);
			defaultConfigurationIsVisible = 0;
			defaultConfigurationName = Release;
		};
		DC8FDD712C949DF700DD816E /* Build configuration list for PBXNativeTarget "PriceWeightLabelCaptureSample" */ = {
			isa = XCConfigurationList;
			buildConfigurations = (
				DC8FDD722C949DF700DD816E /* Debug */,
				DC8FDD732C949DF700DD816E /* Release */,
			);
			defaultConfigurationIsVisible = 0;
			defaultConfigurationName = Release;
		};
/* End XCConfigurationList section */

/* Begin XCRemoteSwiftPackageReference section */
		8C724EA789BB58E562019C51 /* XCRemoteSwiftPackageReference "datacapture-spm" */ = {
			isa = XCRemoteSwiftPackageReference;
			repositoryURL = "git@github.com:Scandit/datacapture-spm.git";
			requirement = {
				kind = upToNextMinorVersion;
				minimumVersion = 7.0.1;
			};
		};
/* End XCRemoteSwiftPackageReference section */

/* Begin XCSwiftPackageProductDependency section */
		185343DAA556067EB357CD65 /* ScanditLabelCaptureText */ = {
			isa = XCSwiftPackageProductDependency;
			package = 8C724EA789BB58E562019C51 /* XCRemoteSwiftPackageReference "datacapture-spm" */;
			productName = ScanditLabelCaptureText;
		};
		6ED344838B49FADDEFB6F2C3 /* ScanditBarcodeCapture */ = {
			isa = XCSwiftPackageProductDependency;
			package = 8C724EA789BB58E562019C51 /* XCRemoteSwiftPackageReference "datacapture-spm" */;
			productName = ScanditBarcodeCapture;
		};
		81414458A816AD3BC926231F /* ScanditLabelCapture */ = {
			isa = XCSwiftPackageProductDependency;
			package = 8C724EA789BB58E562019C51 /* XCRemoteSwiftPackageReference "datacapture-spm" */;
			productName = ScanditLabelCapture;
		};
		CABE48BBAFA674D1BD7B96F2 /* ScanditCaptureCore */ = {
			isa = XCSwiftPackageProductDependency;
			package = 8C724EA789BB58E562019C51 /* XCRemoteSwiftPackageReference "datacapture-spm" */;
			productName = ScanditCaptureCore;
		};
/* End XCSwiftPackageProductDependency section */
	};
	rootObject = DC8FDD552C949DF600DD816E /* Project object */;
}
