// !$*UTF8*$!
{
	archiveVersion = 1;
	classes = {
	};
	objectVersion = 54;
	objects = {

/* Begin PBXBuildFile section */
		65203C9D2577F92A006246C6 /* SampleCode.xcconfig in Resources */ = {isa = PBXBuildFile; fileRef = 65203C9C2577F92A006246C6 /* SampleCode.xcconfig */; };
		65E5372F238545E0002CA693 /* AppDelegate.swift in Sources */ = {isa = PBXBuildFile; fileRef = 65E5372E238545E0002CA693 /* AppDelegate.swift */; };
		65E53731238545E0002CA693 /* GS1ParserSample.swift in Sources */ = {isa = PBXBuildFile; fileRef = 65E53730238545E0002CA693 /* GS1ParserSample.swift */; };
		65E53734238545E0002CA693 /* Main.storyboard in Resources */ = {isa = PBXBuildFile; fileRef = 65E53732238545E0002CA693 /* Main.storyboard */; };
		65E53736238545E2002CA693 /* Assets.xcassets in Resources */ = {isa = PBXBuildFile; fileRef = 65E53735238545E2002CA693 /* Assets.xcassets */; };
		65E53739238545E2002CA693 /* LaunchScreen.storyboard in Resources */ = {isa = PBXBuildFile; fileRef = 65E53737238545E2002CA693 /* LaunchScreen.storyboard */; };
		65E5375523855449002CA693 /* DataCaptureContext+License.swift in Sources */ = {isa = PBXBuildFile; fileRef = 65E5375423855449002CA693 /* DataCaptureContext+License.swift */; };
		73A34AEBA7CF2D6289FCDA43 /* ScanditCaptureCore in Frameworks */ = {isa = PBXBuildFile; productRef = EBF54F509ABE9E790D573684 /* ScanditCaptureCore */; };
		9B954215A9D7612464292DF7 /* ScanditParser in Frameworks */ = {isa = PBXBuildFile; productRef = 52F94395981A24DB68250123 /* ScanditParser */; };
		BEDF43C5A21D89CA03077BDC /* ScanditBarcodeCapture in Frameworks */ = {isa = PBXBuildFile; productRef = 0A1F49E8A89E3FD7D8EDA7B3 /* ScanditBarcodeCapture */; };
		E74C1D5326F4961D0089AF42 /* ParsedData+PrettyPrinted.swift in Sources */ = {isa = PBXBuildFile; fileRef = E74C1D5226F4961D0089AF42 /* ParsedData+PrettyPrinted.swift */; };
		E74C9D4426F8B11F007ECEBF /* ParsedDataPrettyPrinter.swift in Sources */ = {isa = PBXBuildFile; fileRef = E74C9D4326F8B11F007ECEBF /* ParsedDataPrettyPrinter.swift */; };
/* End PBXBuildFile section */

/* Begin PBXCopyFilesBuildPhase section */
		65E5374B238552A5002CA693 /* Embed Frameworks */ = {
			isa = PBXCopyFilesBuildPhase;
			buildActionMask = 2147483647;
			dstPath = "";
			dstSubfolderSpec = 10;
			files = (
			);
			name = "Embed Frameworks";
			runOnlyForDeploymentPostprocessing = 0;
		};
/* End PBXCopyFilesBuildPhase section */

/* Begin PBXFileReference section */
		65203C9C2577F92A006246C6 /* SampleCode.xcconfig */ = {isa = PBXFileReference; fileEncoding = 4; lastKnownFileType = text.xcconfig; path = SampleCode.xcconfig; sourceTree = "<group>"; };
		65E5372B238545E0002CA693 /* GS1ParserSample.app */ = {isa = PBXFileReference; explicitFileType = wrapper.application; includeInIndex = 0; path = GS1ParserSample.app; sourceTree = BUILT_PRODUCTS_DIR; };
		65E5372E238545E0002CA693 /* AppDelegate.swift */ = {isa = PBXFileReference; lastKnownFileType = sourcecode.swift; path = AppDelegate.swift; sourceTree = "<group>"; };
		65E53730238545E0002CA693 /* GS1ParserSample.swift */ = {isa = PBXFileReference; lastKnownFileType = sourcecode.swift; path = GS1ParserSample.swift; sourceTree = "<group>"; };
		65E53733238545E0002CA693 /* Base */ = {isa = PBXFileReference; lastKnownFileType = file.storyboard; name = Base; path = Base.lproj/Main.storyboard; sourceTree = "<group>"; };
		65E53735238545E2002CA693 /* Assets.xcassets */ = {isa = PBXFileReference; lastKnownFileType = folder.assetcatalog; path = Assets.xcassets; sourceTree = "<group>"; };
		65E53738238545E2002CA693 /* Base */ = {isa = PBXFileReference; lastKnownFileType = file.storyboard; name = Base; path = Base.lproj/LaunchScreen.storyboard; sourceTree = "<group>"; };
		65E5373A238545E2002CA693 /* Info.plist */ = {isa = PBXFileReference; lastKnownFileType = text.plist.xml; path = Info.plist; sourceTree = "<group>"; };
		65E5375423855449002CA693 /* DataCaptureContext+License.swift */ = {isa = PBXFileReference; lastKnownFileType = sourcecode.swift; path = "DataCaptureContext+License.swift"; sourceTree = "<group>"; };
		E74C1D5226F4961D0089AF42 /* ParsedData+PrettyPrinted.swift */ = {isa = PBXFileReference; lastKnownFileType = sourcecode.swift; path = "ParsedData+PrettyPrinted.swift"; sourceTree = "<group>"; };
		E74C9D4326F8B11F007ECEBF /* ParsedDataPrettyPrinter.swift */ = {isa = PBXFileReference; lastKnownFileType = sourcecode.swift; path = ParsedDataPrettyPrinter.swift; sourceTree = "<group>"; };
/* End PBXFileReference section */

/* Begin PBXFrameworksBuildPhase section */
		65E53728238545E0002CA693 /* Frameworks */ = {
			isa = PBXFrameworksBuildPhase;
			buildActionMask = 2147483647;
			files = (
				BEDF43C5A21D89CA03077BDC /* ScanditBarcodeCapture in Frameworks */,
				73A34AEBA7CF2D6289FCDA43 /* ScanditCaptureCore in Frameworks */,
				9B954215A9D7612464292DF7 /* ScanditParser in Frameworks */,
			);
			runOnlyForDeploymentPostprocessing = 0;
		};
/* End PBXFrameworksBuildPhase section */

/* Begin PBXGroup section */
		65203C9B2577F92A006246C6 /* Configuration */ = {
			isa = PBXGroup;
			children = (
				65203C9C2577F92A006246C6 /* SampleCode.xcconfig */,
			);
			name = Configuration;
			path = ../Configuration;
			sourceTree = "<group>";
		};
		65E53722238545E0002CA693 = {
			isa = PBXGroup;
			children = (
				65203C9B2577F92A006246C6 /* Configuration */,
				65E5372D238545E0002CA693 /* GS1ParserSample */,
				65E5372C238545E0002CA693 /* Products */,
				65E5374023855297002CA693 /* Frameworks */,
			);
			sourceTree = "<group>";
		};
		65E5372C238545E0002CA693 /* Products */ = {
			isa = PBXGroup;
			children = (
				65E5372B238545E0002CA693 /* GS1ParserSample.app */,
			);
			name = Products;
			sourceTree = "<group>";
		};
		65E5372D238545E0002CA693 /* GS1ParserSample */ = {
			isa = PBXGroup;
			children = (
				65E5375323855430002CA693 /* Extensions */,
				65E5372E238545E0002CA693 /* AppDelegate.swift */,
				65E53730238545E0002CA693 /* GS1ParserSample.swift */,
				E74C9D4326F8B11F007ECEBF /* ParsedDataPrettyPrinter.swift */,
				65E53732238545E0002CA693 /* Main.storyboard */,
				65E53735238545E2002CA693 /* Assets.xcassets */,
				65E53737238545E2002CA693 /* LaunchScreen.storyboard */,
				65E5373A238545E2002CA693 /* Info.plist */,
			);
			path = GS1ParserSample;
			sourceTree = "<group>";
		};
		65E5374023855297002CA693 /* Frameworks */ = {
			isa = PBXGroup;
			children = (
			);
			name = Frameworks;
			sourceTree = "<group>";
		};
		65E5375323855430002CA693 /* Extensions */ = {
			isa = PBXGroup;
			children = (
				65E5375423855449002CA693 /* DataCaptureContext+License.swift */,
				E74C1D5226F4961D0089AF42 /* ParsedData+PrettyPrinted.swift */,
			);
			path = Extensions;
			sourceTree = "<group>";
		};
/* End PBXGroup section */

/* Begin PBXNativeTarget section */
		65E5372A238545E0002CA693 /* GS1ParserSample */ = {
			isa = PBXNativeTarget;
			buildConfigurationList = 65E5373D238545E2002CA693 /* Build configuration list for PBXNativeTarget "GS1ParserSample" */;
			buildPhases = (
				65E53727238545E0002CA693 /* Sources */,
				65E53728238545E0002CA693 /* Frameworks */,
				65E53729238545E0002CA693 /* Resources */,
				65E5374B238552A5002CA693 /* Embed Frameworks */,
			);
			buildRules = (
			);
			dependencies = (
			);
			name = GS1ParserSample;
			packageProductDependencies = (
				0A1F49E8A89E3FD7D8EDA7B3 /* ScanditBarcodeCapture */,
				EBF54F509ABE9E790D573684 /* ScanditCaptureCore */,
				52F94395981A24DB68250123 /* ScanditParser */,
			);
			productName = CaptureIdSimpleSample;
			productReference = 65E5372B238545E0002CA693 /* GS1ParserSample.app */;
			productType = "com.apple.product-type.application";
		};
/* End PBXNativeTarget section */

/* Begin PBXProject section */
		65E53723238545E0002CA693 /* Project object */ = {
			isa = PBXProject;
			attributes = {
				LastSwiftUpdateCheck = 1030;
				LastUpgradeCheck = 1250;
				ORGANIZATIONNAME = "Scandit AG";
				TargetAttributes = {
					65E5372A238545E0002CA693 = {
						CreatedOnToolsVersion = 10.3;
					};
				};
			};
			buildConfigurationList = 65E53726238545E0002CA693 /* Build configuration list for PBXProject "GS1ParserSample" */;
			compatibilityVersion = "Xcode 9.3";
			developmentRegion = en;
			hasScannedForEncodings = 0;
			knownRegions = (
				en,
				Base,
			);
			mainGroup = 65E53722238545E0002CA693;
			packageReferences = (
				447E48C9B0534C5F1265595B /* XCRemoteSwiftPackageReference "datacapture-spm" */,
			);
			productRefGroup = 65E5372C238545E0002CA693 /* Products */;
			projectDirPath = "";
			projectRoot = "";
			targets = (
				65E5372A238545E0002CA693 /* GS1ParserSample */,
			);
		};
/* End PBXProject section */

/* Begin PBXResourcesBuildPhase section */
		65E53729238545E0002CA693 /* Resources */ = {
			isa = PBXResourcesBuildPhase;
			buildActionMask = 2147483647;
			files = (
				65E53739238545E2002CA693 /* LaunchScreen.storyboard in Resources */,
				65E53736238545E2002CA693 /* Assets.xcassets in Resources */,
				65E53734238545E0002CA693 /* Main.storyboard in Resources */,
				65203C9D2577F92A006246C6 /* SampleCode.xcconfig in Resources */,
			);
			runOnlyForDeploymentPostprocessing = 0;
		};
/* End PBXResourcesBuildPhase section */

/* Begin PBXSourcesBuildPhase section */
		65E53727238545E0002CA693 /* Sources */ = {
			isa = PBXSourcesBuildPhase;
			buildActionMask = 2147483647;
			files = (
				65E53731238545E0002CA693 /* GS1ParserSample.swift in Sources */,
				E74C9D4426F8B11F007ECEBF /* ParsedDataPrettyPrinter.swift in Sources */,
				65E5372F238545E0002CA693 /* AppDelegate.swift in Sources */,
				65E5375523855449002CA693 /* DataCaptureContext+License.swift in Sources */,
				E74C1D5326F4961D0089AF42 /* ParsedData+PrettyPrinted.swift in Sources */,
			);
			runOnlyForDeploymentPostprocessing = 0;
		};
/* End PBXSourcesBuildPhase section */

/* Begin PBXVariantGroup section */
		65E53732238545E0002CA693 /* Main.storyboard */ = {
			isa = PBXVariantGroup;
			children = (
				65E53733238545E0002CA693 /* Base */,
			);
			name = Main.storyboard;
			sourceTree = "<group>";
		};
		65E53737238545E2002CA693 /* LaunchScreen.storyboard */ = {
			isa = PBXVariantGroup;
			children = (
				65E53738238545E2002CA693 /* Base */,
			);
			name = LaunchScreen.storyboard;
			sourceTree = "<group>";
		};
/* End PBXVariantGroup section */

/* Begin XCBuildConfiguration section */
		65E5373B238545E2002CA693 /* Debug */ = {
			isa = XCBuildConfiguration;
			baseConfigurationReference = 65203C9C2577F92A006246C6 /* SampleCode.xcconfig */;
			buildSettings = {
				ALWAYS_SEARCH_USER_PATHS = NO;
				CLANG_ANALYZER_NONNULL = YES;
				CLANG_ANALYZER_NUMBER_OBJECT_CONVERSION = YES_AGGRESSIVE;
				CLANG_CXX_LANGUAGE_STANDARD = "gnu++14";
				CLANG_CXX_LIBRARY = "libc++";
				CLANG_ENABLE_MODULES = YES;
				CLANG_ENABLE_OBJC_ARC = YES;
				CLANG_ENABLE_OBJC_WEAK = YES;
				CLANG_WARN_BLOCK_CAPTURE_AUTORELEASING = YES;
				CLANG_WARN_BOOL_CONVERSION = YES;
				CLANG_WARN_COMMA = YES;
				CLANG_WARN_CONSTANT_CONVERSION = YES;
				CLANG_WARN_DEPRECATED_OBJC_IMPLEMENTATIONS = YES;
				CLANG_WARN_DIRECT_OBJC_ISA_USAGE = YES_ERROR;
				CLANG_WARN_DOCUMENTATION_COMMENTS = YES;
				CLANG_WARN_EMPTY_BODY = YES;
				CLANG_WARN_ENUM_CONVERSION = YES;
				CLANG_WARN_INFINITE_RECURSION = YES;
				CLANG_WARN_INT_CONVERSION = YES;
				CLANG_WARN_NON_LITERAL_NULL_CONVERSION = YES;
				CLANG_WARN_OBJC_IMPLICIT_RETAIN_SELF = YES;
				CLANG_WARN_OBJC_LITERAL_CONVERSION = YES;
				CLANG_WARN_OBJC_ROOT_CLASS = YES_ERROR;
				CLANG_WARN_QUOTED_INCLUDE_IN_FRAMEWORK_HEADER = YES;
				CLANG_WARN_RANGE_LOOP_ANALYSIS = YES;
				CLANG_WARN_STRICT_PROTOTYPES = YES;
				CLANG_WARN_SUSPICIOUS_MOVE = YES;
				CLANG_WARN_UNGUARDED_AVAILABILITY = YES_AGGRESSIVE;
				CLANG_WARN_UNREACHABLE_CODE = YES;
				CLANG_WARN__DUPLICATE_METHOD_MATCH = YES;
				CODE_SIGN_IDENTITY = "iPhone Developer";
				COPY_PHASE_STRIP = NO;
				DEBUG_INFORMATION_FORMAT = dwarf;
				ENABLE_STRICT_OBJC_MSGSEND = YES;
				ENABLE_TESTABILITY = YES;
				GCC_C_LANGUAGE_STANDARD = gnu11;
				GCC_DYNAMIC_NO_PIC = NO;
				GCC_NO_COMMON_BLOCKS = YES;
				GCC_OPTIMIZATION_LEVEL = 0;
				GCC_PREPROCESSOR_DEFINITIONS = (
					"DEBUG=1",
					"$(inherited)",
				);
				GCC_WARN_64_TO_32_BIT_CONVERSION = YES;
				GCC_WARN_ABOUT_RETURN_TYPE = YES_ERROR;
				GCC_WARN_UNDECLARED_SELECTOR = YES;
				GCC_WARN_UNINITIALIZED_AUTOS = YES_AGGRESSIVE;
				GCC_WARN_UNUSED_FUNCTION = YES;
				GCC_WARN_UNUSED_VARIABLE = YES;
				IPHONEOS_DEPLOYMENT_TARGET = 11.0;
				MTL_ENABLE_DEBUG_INFO = INCLUDE_SOURCE;
				MTL_FAST_MATH = YES;
				ONLY_ACTIVE_ARCH = YES;
				SDKROOT = iphoneos;
				SWIFT_ACTIVE_COMPILATION_CONDITIONS = DEBUG;
				SWIFT_OPTIMIZATION_LEVEL = "-Onone";
			};
			name = Debug;
		};
		65E5373C238545E2002CA693 /* Release */ = {
			isa = XCBuildConfiguration;
			baseConfigurationReference = 65203C9C2577F92A006246C6 /* SampleCode.xcconfig */;
			buildSettings = {
				ALWAYS_SEARCH_USER_PATHS = NO;
				CLANG_ANALYZER_NONNULL = YES;
				CLANG_ANALYZER_NUMBER_OBJECT_CONVERSION = YES_AGGRESSIVE;
				CLANG_CXX_LANGUAGE_STANDARD = "gnu++14";
				CLANG_CXX_LIBRARY = "libc++";
				CLANG_ENABLE_MODULES = YES;
				CLANG_ENABLE_OBJC_ARC = YES;
				CLANG_ENABLE_OBJC_WEAK = YES;
				CLANG_WARN_BLOCK_CAPTURE_AUTORELEASING = YES;
				CLANG_WARN_BOOL_CONVERSION = YES;
				CLANG_WARN_COMMA = YES;
				CLANG_WARN_CONSTANT_CONVERSION = YES;
				CLANG_WARN_DEPRECATED_OBJC_IMPLEMENTATIONS = YES;
				CLANG_WARN_DIRECT_OBJC_ISA_USAGE = YES_ERROR;
				CLANG_WARN_DOCUMENTATION_COMMENTS = YES;
				CLANG_WARN_EMPTY_BODY = YES;
				CLANG_WARN_ENUM_CONVERSION = YES;
				CLANG_WARN_INFINITE_RECURSION = YES;
				CLANG_WARN_INT_CONVERSION = YES;
				CLANG_WARN_NON_LITERAL_NULL_CONVERSION = YES;
				CLANG_WARN_OBJC_IMPLICIT_RETAIN_SELF = YES;
				CLANG_WARN_OBJC_LITERAL_CONVERSION = YES;
				CLANG_WARN_OBJC_ROOT_CLASS = YES_ERROR;
				CLANG_WARN_QUOTED_INCLUDE_IN_FRAMEWORK_HEADER = YES;
				CLANG_WARN_RANGE_LOOP_ANALYSIS = YES;
				CLANG_WARN_STRICT_PROTOTYPES = YES;
				CLANG_WARN_SUSPICIOUS_MOVE = YES;
				CLANG_WARN_UNGUARDED_AVAILABILITY = YES_AGGRESSIVE;
				CLANG_WARN_UNREACHABLE_CODE = YES;
				CLANG_WARN__DUPLICATE_METHOD_MATCH = YES;
				CODE_SIGN_IDENTITY = "iPhone Developer";
				COPY_PHASE_STRIP = NO;
				DEBUG_INFORMATION_FORMAT = "dwarf-with-dsym";
				ENABLE_NS_ASSERTIONS = NO;
				ENABLE_STRICT_OBJC_MSGSEND = YES;
				GCC_C_LANGUAGE_STANDARD = gnu11;
				GCC_NO_COMMON_BLOCKS = YES;
				GCC_WARN_64_TO_32_BIT_CONVERSION = YES;
				GCC_WARN_ABOUT_RETURN_TYPE = YES_ERROR;
				GCC_WARN_UNDECLARED_SELECTOR = YES;
				GCC_WARN_UNINITIALIZED_AUTOS = YES_AGGRESSIVE;
				GCC_WARN_UNUSED_FUNCTION = YES;
				GCC_WARN_UNUSED_VARIABLE = YES;
				IPHONEOS_DEPLOYMENT_TARGET = 11.0;
				MTL_ENABLE_DEBUG_INFO = NO;
				MTL_FAST_MATH = YES;
				SDKROOT = iphoneos;
				SWIFT_COMPILATION_MODE = wholemodule;
				SWIFT_OPTIMIZATION_LEVEL = "-O";
				VALIDATE_PRODUCT = YES;
			};
			name = Release;
		};
		65E5373E238545E2002CA693 /* Debug */ = {
			isa = XCBuildConfiguration;
			baseConfigurationReference = 65203C9C2577F92A006246C6 /* SampleCode.xcconfig */;
			buildSettings = {
				ASSETCATALOG_COMPILER_APPICON_NAME = AppIcon;
				ENABLE_BITCODE = NO;
				GCC_TREAT_WARNINGS_AS_ERRORS = YES;
				INFOPLIST_FILE = "$(SRCROOT)/GS1ParserSample/Info.plist";
				IPHONEOS_DEPLOYMENT_TARGET = 14.0;
				LD_RUNPATH_SEARCH_PATHS = (
					"$(inherited)",
					"@executable_path/Frameworks",
				);
				PRODUCT_BUNDLE_IDENTIFIER = "com.scandit.sdc.GS1ParserSample${SAMPLE_CODE_DISAMBIGUATOR}";
				PRODUCT_NAME = "$(TARGET_NAME)";
				SWIFT_TREAT_WARNINGS_AS_ERRORS = YES;
				SWIFT_VERSION = 5.0;
				TARGETED_DEVICE_FAMILY = "1,2";
			};
			name = Debug;
		};
		65E5373F238545E2002CA693 /* Release */ = {
			isa = XCBuildConfiguration;
			baseConfigurationReference = 65203C9C2577F92A006246C6 /* SampleCode.xcconfig */;
			buildSettings = {
				ASSETCATALOG_COMPILER_APPICON_NAME = AppIcon;
				DEVELOPMENT_TEAM = "";
				ENABLE_BITCODE = NO;
				GCC_TREAT_WARNINGS_AS_ERRORS = YES;
				INFOPLIST_FILE = "$(SRCROOT)/GS1ParserSample/Info.plist";
				IPHONEOS_DEPLOYMENT_TARGET = 14.0;
				LD_RUNPATH_SEARCH_PATHS = (
					"$(inherited)",
					"@executable_path/Frameworks",
				);
				PRODUCT_BUNDLE_IDENTIFIER = "com.scandit.sdc.GS1ParserSample${SAMPLE_CODE_DISAMBIGUATOR}";
				PRODUCT_NAME = "$(TARGET_NAME)";
				SWIFT_TREAT_WARNINGS_AS_ERRORS = YES;
				SWIFT_VERSION = 5.0;
				TARGETED_DEVICE_FAMILY = "1,2";
			};
			name = Release;
		};
/* End XCBuildConfiguration section */

/* Begin XCConfigurationList section */
		65E53726238545E0002CA693 /* Build configuration list for PBXProject "GS1ParserSample" */ = {
			isa = XCConfigurationList;
			buildConfigurations = (
				65E5373B238545E2002CA693 /* Debug */,
				65E5373C238545E2002CA693 /* Release */,
			);
			defaultConfigurationIsVisible = 0;
			defaultConfigurationName = Release;
		};
		65E5373D238545E2002CA693 /* Build configuration list for PBXNativeTarget "GS1ParserSample" */ = {
			isa = XCConfigurationList;
			buildConfigurations = (
				65E5373E238545E2002CA693 /* Debug */,
				65E5373F238545E2002CA693 /* Release */,
			);
			defaultConfigurationIsVisible = 0;
			defaultConfigurationName = Release;
		};
/* End XCConfigurationList section */

/* Begin XCRemoteSwiftPackageReference section */
		447E48C9B0534C5F1265595B /* XCRemoteSwiftPackageReference "datacapture-spm" */ = {
			isa = XCRemoteSwiftPackageReference;
			repositoryURL = "git@github.com:Scandit/datacapture-spm.git";
			requirement = {
				kind = upToNextMinorVersion;
				minimumVersion = 7.2.0;
			};
		};
/* End XCRemoteSwiftPackageReference section */

/* Begin XCSwiftPackageProductDependency section */
		0A1F49E8A89E3FD7D8EDA7B3 /* ScanditBarcodeCapture */ = {
			isa = XCSwiftPackageProductDependency;
			package = 447E48C9B0534C5F1265595B /* XCRemoteSwiftPackageReference "datacapture-spm" */;
			productName = ScanditBarcodeCapture;
		};
		52F94395981A24DB68250123 /* ScanditParser */ = {
			isa = XCSwiftPackageProductDependency;
			package = 447E48C9B0534C5F1265595B /* XCRemoteSwiftPackageReference "datacapture-spm" */;
			productName = ScanditParser;
		};
		EBF54F509ABE9E790D573684 /* ScanditCaptureCore */ = {
			isa = XCSwiftPackageProductDependency;
			package = 447E48C9B0534C5F1265595B /* XCRemoteSwiftPackageReference "datacapture-spm" */;
			productName = ScanditCaptureCore;
		};
/* End XCSwiftPackageProductDependency section */
	};
	rootObject = 65E53723238545E0002CA693 /* Project object */;
}
