// !$*UTF8*$!
{
	archiveVersion = 1;
	classes = {
	};
	objectVersion = 52;
	objects = {

/* Begin PBXBuildFile section */
		00E3711324980E50004EAF23 /* AppDelegate.swift in Sources */ = {isa = PBXBuildFile; fileRef = 00E3711224980E50004EAF23 /* AppDelegate.swift */; };
		00E3711724980E50004EAF23 /* ViewController.swift in Sources */ = {isa = PBXBuildFile; fileRef = 00E3711624980E50004EAF23 /* ViewController.swift */; };
		00E3711A24980E50004EAF23 /* Main.storyboard in Resources */ = {isa = PBXBuildFile; fileRef = 00E3711824980E50004EAF23 /* Main.storyboard */; };
		00E3711C24980E55004EAF23 /* Assets.xcassets in Resources */ = {isa = PBXBuildFile; fileRef = 00E3711B24980E55004EAF23 /* Assets.xcassets */; };
		00E3711F24980E55004EAF23 /* LaunchScreen.storyboard in Resources */ = {isa = PBXBuildFile; fileRef = 00E3711D24980E55004EAF23 /* LaunchScreen.storyboard */; };
		00E37131249811A4004EAF23 /* DataCaptureContext+licensed.swift in Sources */ = {isa = PBXBuildFile; fileRef = 00E37130249811A4004EAF23 /* DataCaptureContext+licensed.swift */; };
		00E37134249820CD004EAF23 /* StockOverlay.xib in Resources */ = {isa = PBXBuildFile; fileRef = 00E37133249820CD004EAF23 /* StockOverlay.xib */; };
		00E37136249822EB004EAF23 /* StockOverlay.swift in Sources */ = {isa = PBXBuildFile; fileRef = 00E37135249822EB004EAF23 /* StockOverlay.swift */; };
		00E371392498E364004EAF23 /* StockInputView.swift in Sources */ = {isa = PBXBuildFile; fileRef = 00E371372498E364004EAF23 /* StockInputView.swift */; };
		00E3713A2498E364004EAF23 /* StockInputView.xib in Resources */ = {isa = PBXBuildFile; fileRef = 00E371382498E364004EAF23 /* StockInputView.xib */; };
		65203CA32577FA4C006246C6 /* SampleCode.xcconfig in Resources */ = {isa = PBXBuildFile; fileRef = 65203CA22577FA4C006246C6 /* SampleCode.xcconfig */; };
		77354767A8287CC406F651ED /* ScanditBarcodeCapture in Frameworks */ = {isa = PBXBuildFile; productRef = 465243D3AF138EF8057558DB /* ScanditBarcodeCapture */; };
		D64F49ABA84D19420765C85E /* ScanditCaptureCore in Frameworks */ = {isa = PBXBuildFile; productRef = 0A8E471BA3790B1B794271D0 /* ScanditCaptureCore */; };
/* End PBXBuildFile section */

/* Begin PBXCopyFilesBuildPhase section */
		00E3712D24980EF1004EAF23 /* Embed Frameworks */ = {
			isa = PBXCopyFilesBuildPhase;
			buildActionMask = 2147483647;
			dstPath = "";
			dstSubfolderSpec = 10;
			files = (
			);
			name = "Embed Frameworks";
			runOnlyForDeploymentPostprocessing = 0;
		};
/* End PBXCopyFilesBuildPhase section */

/* Begin PBXFileReference section */
		00E3710F24980E50004EAF23 /* InventoryAuditSample.app */ = {isa = PBXFileReference; explicitFileType = wrapper.application; includeInIndex = 0; path = InventoryAuditSample.app; sourceTree = BUILT_PRODUCTS_DIR; };
		00E3711224980E50004EAF23 /* AppDelegate.swift */ = {isa = PBXFileReference; lastKnownFileType = sourcecode.swift; path = AppDelegate.swift; sourceTree = "<group>"; };
		00E3711624980E50004EAF23 /* ViewController.swift */ = {isa = PBXFileReference; lastKnownFileType = sourcecode.swift; path = ViewController.swift; sourceTree = "<group>"; };
		00E3711924980E50004EAF23 /* Base */ = {isa = PBXFileReference; lastKnownFileType = file.storyboard; name = Base; path = Base.lproj/Main.storyboard; sourceTree = "<group>"; };
		00E3711B24980E55004EAF23 /* Assets.xcassets */ = {isa = PBXFileReference; lastKnownFileType = folder.assetcatalog; path = Assets.xcassets; sourceTree = "<group>"; };
		00E3711E24980E55004EAF23 /* Base */ = {isa = PBXFileReference; lastKnownFileType = file.storyboard; name = Base; path = Base.lproj/LaunchScreen.storyboard; sourceTree = "<group>"; };
		00E3712024980E55004EAF23 /* Info.plist */ = {isa = PBXFileReference; lastKnownFileType = text.plist.xml; path = Info.plist; sourceTree = "<group>"; };
		00E37130249811A4004EAF23 /* DataCaptureContext+licensed.swift */ = {isa = PBXFileReference; lastKnownFileType = sourcecode.swift; path = "DataCaptureContext+licensed.swift"; sourceTree = "<group>"; };
		00E37133249820CD004EAF23 /* StockOverlay.xib */ = {isa = PBXFileReference; lastKnownFileType = file.xib; path = StockOverlay.xib; sourceTree = "<group>"; };
		00E37135249822EB004EAF23 /* StockOverlay.swift */ = {isa = PBXFileReference; lastKnownFileType = sourcecode.swift; path = StockOverlay.swift; sourceTree = "<group>"; };
		00E371372498E364004EAF23 /* StockInputView.swift */ = {isa = PBXFileReference; fileEncoding = 4; lastKnownFileType = sourcecode.swift; path = StockInputView.swift; sourceTree = "<group>"; };
		00E371382498E364004EAF23 /* StockInputView.xib */ = {isa = PBXFileReference; fileEncoding = 4; lastKnownFileType = file.xib; path = StockInputView.xib; sourceTree = "<group>"; };
		65203CA22577FA4C006246C6 /* SampleCode.xcconfig */ = {isa = PBXFileReference; fileEncoding = 4; lastKnownFileType = text.xcconfig; path = SampleCode.xcconfig; sourceTree = "<group>"; };
/* End PBXFileReference section */

/* Begin PBXFrameworksBuildPhase section */
		00E3710C24980E50004EAF23 /* Frameworks */ = {
			isa = PBXFrameworksBuildPhase;
			buildActionMask = 2147483647;
			files = (
				77354767A8287CC406F651ED /* ScanditBarcodeCapture in Frameworks */,
				D64F49ABA84D19420765C85E /* ScanditCaptureCore in Frameworks */,
			);
			runOnlyForDeploymentPostprocessing = 0;
		};
/* End PBXFrameworksBuildPhase section */

/* Begin PBXGroup section */
		00E3710624980E50004EAF23 = {
			isa = PBXGroup;
			children = (
				65203CA12577FA4C006246C6 /* Configuration */,
				00E3711124980E50004EAF23 /* InventoryAuditSample */,
				00E3711024980E50004EAF23 /* Products */,
				00E3712624980EF1004EAF23 /* Frameworks */,
			);
			sourceTree = "<group>";
		};
		00E3711024980E50004EAF23 /* Products */ = {
			isa = PBXGroup;
			children = (
				00E3710F24980E50004EAF23 /* InventoryAuditSample.app */,
			);
			name = Products;
			sourceTree = "<group>";
		};
		00E3711124980E50004EAF23 /* InventoryAuditSample */ = {
			isa = PBXGroup;
			children = (
				00E3713224982082004EAF23 /* Views */,
				00E3712F24981190004EAF23 /* Extensions */,
				00E3712E24981170004EAF23 /* Resources */,
				00E3711224980E50004EAF23 /* AppDelegate.swift */,
				00E3711624980E50004EAF23 /* ViewController.swift */,
			);
			path = InventoryAuditSample;
			sourceTree = "<group>";
		};
		00E3712624980EF1004EAF23 /* Frameworks */ = {
			isa = PBXGroup;
			children = (
			);
			name = Frameworks;
			sourceTree = "<group>";
		};
		00E3712E24981170004EAF23 /* Resources */ = {
			isa = PBXGroup;
			children = (
				00E3711824980E50004EAF23 /* Main.storyboard */,
				00E3711B24980E55004EAF23 /* Assets.xcassets */,
				00E3711D24980E55004EAF23 /* LaunchScreen.storyboard */,
				00E3712024980E55004EAF23 /* Info.plist */,
			);
			path = Resources;
			sourceTree = "<group>";
		};
		00E3712F24981190004EAF23 /* Extensions */ = {
			isa = PBXGroup;
			children = (
				00E37130249811A4004EAF23 /* DataCaptureContext+licensed.swift */,
			);
			path = Extensions;
			sourceTree = "<group>";
		};
		00E3713224982082004EAF23 /* Views */ = {
			isa = PBXGroup;
			children = (
				00E371372498E364004EAF23 /* StockInputView.swift */,
				00E371382498E364004EAF23 /* StockInputView.xib */,
				00E37133249820CD004EAF23 /* StockOverlay.xib */,
				00E37135249822EB004EAF23 /* StockOverlay.swift */,
			);
			path = Views;
			sourceTree = "<group>";
		};
		65203CA12577FA4C006246C6 /* Configuration */ = {
			isa = PBXGroup;
			children = (
				65203CA22577FA4C006246C6 /* SampleCode.xcconfig */,
			);
			name = Configuration;
			path = ../Configuration;
			sourceTree = "<group>";
		};
/* End PBXGroup section */

/* Begin PBXNativeTarget section */
		00E3710E24980E50004EAF23 /* InventoryAuditSample */ = {
			isa = PBXNativeTarget;
			buildConfigurationList = 00E3712324980E55004EAF23 /* Build configuration list for PBXNativeTarget "InventoryAuditSample" */;
			buildPhases = (
				00E3710B24980E50004EAF23 /* Sources */,
				00E3710C24980E50004EAF23 /* Frameworks */,
				00E3710D24980E50004EAF23 /* Resources */,
				00E3712D24980EF1004EAF23 /* Embed Frameworks */,
			);
			buildRules = (
			);
			dependencies = (
			);
			name = InventoryAuditSample;
			packageProductDependencies = (
				465243D3AF138EF8057558DB /* ScanditBarcodeCapture */,
				0A8E471BA3790B1B794271D0 /* ScanditCaptureCore */,
			);
			productName = InventoryAudit;
			productReference = 00E3710F24980E50004EAF23 /* InventoryAuditSample.app */;
			productType = "com.apple.product-type.application";
		};
/* End PBXNativeTarget section */

/* Begin PBXProject section */
		00E3710724980E50004EAF23 /* Project object */ = {
			isa = PBXProject;
			attributes = {
				LastSwiftUpdateCheck = 1150;
				LastUpgradeCheck = 1250;
				ORGANIZATIONNAME = Scandit;
				TargetAttributes = {
					00E3710E24980E50004EAF23 = {
						CreatedOnToolsVersion = 11.5;
					};
				};
			};
			buildConfigurationList = 00E3710A24980E50004EAF23 /* Build configuration list for PBXProject "InventoryAuditSample" */;
			compatibilityVersion = "Xcode 9.3";
			developmentRegion = en;
			hasScannedForEncodings = 0;
			knownRegions = (
				en,
				Base,
			);
			mainGroup = 00E3710624980E50004EAF23;
			packageReferences = (
				F28749009D3970A6D7467F1F /* XCRemoteSwiftPackageReference "datacapture-spm" */,
			);
			productRefGroup = 00E3711024980E50004EAF23 /* Products */;
			projectDirPath = "";
			projectRoot = "";
			targets = (
				00E3710E24980E50004EAF23 /* InventoryAuditSample */,
			);
		};
/* End PBXProject section */

/* Begin PBXResourcesBuildPhase section */
		00E3710D24980E50004EAF23 /* Resources */ = {
			isa = PBXResourcesBuildPhase;
			buildActionMask = 2147483647;
			files = (
				00E3711F24980E55004EAF23 /* LaunchScreen.storyboard in Resources */,
				65203CA32577FA4C006246C6 /* SampleCode.xcconfig in Resources */,
				00E3711C24980E55004EAF23 /* Assets.xcassets in Resources */,
				00E3711A24980E50004EAF23 /* Main.storyboard in Resources */,
				00E3713A2498E364004EAF23 /* StockInputView.xib in Resources */,
				00E37134249820CD004EAF23 /* StockOverlay.xib in Resources */,
			);
			runOnlyForDeploymentPostprocessing = 0;
		};
/* End PBXResourcesBuildPhase section */

/* Begin PBXSourcesBuildPhase section */
		00E3710B24980E50004EAF23 /* Sources */ = {
			isa = PBXSourcesBuildPhase;
			buildActionMask = 2147483647;
			files = (
				00E37131249811A4004EAF23 /* DataCaptureContext+licensed.swift in Sources */,
				00E3711724980E50004EAF23 /* ViewController.swift in Sources */,
				00E371392498E364004EAF23 /* StockInputView.swift in Sources */,
				00E3711324980E50004EAF23 /* AppDelegate.swift in Sources */,
				00E37136249822EB004EAF23 /* StockOverlay.swift in Sources */,
			);
			runOnlyForDeploymentPostprocessing = 0;
		};
/* End PBXSourcesBuildPhase section */

/* Begin PBXVariantGroup section */
		00E3711824980E50004EAF23 /* Main.storyboard */ = {
			isa = PBXVariantGroup;
			children = (
				00E3711924980E50004EAF23 /* Base */,
			);
			name = Main.storyboard;
			sourceTree = "<group>";
		};
		00E3711D24980E55004EAF23 /* LaunchScreen.storyboard */ = {
			isa = PBXVariantGroup;
			children = (
				00E3711E24980E55004EAF23 /* Base */,
			);
			name = LaunchScreen.storyboard;
			sourceTree = "<group>";
		};
/* End PBXVariantGroup section */

/* Begin XCBuildConfiguration section */
		00E3712124980E55004EAF23 /* Debug */ = {
			isa = XCBuildConfiguration;
			baseConfigurationReference = 65203CA22577FA4C006246C6 /* SampleCode.xcconfig */;
			buildSettings = {
				ALWAYS_SEARCH_USER_PATHS = NO;
				CLANG_ANALYZER_NONNULL = YES;
				CLANG_ANALYZER_NUMBER_OBJECT_CONVERSION = YES_AGGRESSIVE;
				CLANG_CXX_LANGUAGE_STANDARD = "gnu++14";
				CLANG_CXX_LIBRARY = "libc++";
				CLANG_ENABLE_MODULES = YES;
				CLANG_ENABLE_OBJC_ARC = YES;
				CLANG_ENABLE_OBJC_WEAK = YES;
				CLANG_WARN_BLOCK_CAPTURE_AUTORELEASING = YES;
				CLANG_WARN_BOOL_CONVERSION = YES;
				CLANG_WARN_COMMA = YES;
				CLANG_WARN_CONSTANT_CONVERSION = YES;
				CLANG_WARN_DEPRECATED_OBJC_IMPLEMENTATIONS = YES;
				CLANG_WARN_DIRECT_OBJC_ISA_USAGE = YES_ERROR;
				CLANG_WARN_DOCUMENTATION_COMMENTS = YES;
				CLANG_WARN_EMPTY_BODY = YES;
				CLANG_WARN_ENUM_CONVERSION = YES;
				CLANG_WARN_INFINITE_RECURSION = YES;
				CLANG_WARN_INT_CONVERSION = YES;
				CLANG_WARN_NON_LITERAL_NULL_CONVERSION = YES;
				CLANG_WARN_OBJC_IMPLICIT_RETAIN_SELF = YES;
				CLANG_WARN_OBJC_LITERAL_CONVERSION = YES;
				CLANG_WARN_OBJC_ROOT_CLASS = YES_ERROR;
				CLANG_WARN_QUOTED_INCLUDE_IN_FRAMEWORK_HEADER = YES;
				CLANG_WARN_RANGE_LOOP_ANALYSIS = YES;
				CLANG_WARN_STRICT_PROTOTYPES = YES;
				CLANG_WARN_SUSPICIOUS_MOVE = YES;
				CLANG_WARN_UNGUARDED_AVAILABILITY = YES_AGGRESSIVE;
				CLANG_WARN_UNREACHABLE_CODE = YES;
				CLANG_WARN__DUPLICATE_METHOD_MATCH = YES;
				COPY_PHASE_STRIP = NO;
				DEBUG_INFORMATION_FORMAT = dwarf;
				ENABLE_STRICT_OBJC_MSGSEND = YES;
				ENABLE_TESTABILITY = YES;
				GCC_C_LANGUAGE_STANDARD = gnu11;
				GCC_DYNAMIC_NO_PIC = NO;
				GCC_NO_COMMON_BLOCKS = YES;
				GCC_OPTIMIZATION_LEVEL = 0;
				GCC_PREPROCESSOR_DEFINITIONS = (
					"DEBUG=1",
					"$(inherited)",
				);
				GCC_WARN_64_TO_32_BIT_CONVERSION = YES;
				GCC_WARN_ABOUT_RETURN_TYPE = YES_ERROR;
				GCC_WARN_UNDECLARED_SELECTOR = YES;
				GCC_WARN_UNINITIALIZED_AUTOS = YES_AGGRESSIVE;
				GCC_WARN_UNUSED_FUNCTION = YES;
				GCC_WARN_UNUSED_VARIABLE = YES;
				IPHONEOS_DEPLOYMENT_TARGET = 13.5;
				MTL_ENABLE_DEBUG_INFO = INCLUDE_SOURCE;
				MTL_FAST_MATH = YES;
				ONLY_ACTIVE_ARCH = YES;
				SDKROOT = iphoneos;
				SWIFT_ACTIVE_COMPILATION_CONDITIONS = DEBUG;
				SWIFT_OPTIMIZATION_LEVEL = "-Onone";
			};
			name = Debug;
		};
		00E3712224980E55004EAF23 /* Release */ = {
			isa = XCBuildConfiguration;
			baseConfigurationReference = 65203CA22577FA4C006246C6 /* SampleCode.xcconfig */;
			buildSettings = {
				ALWAYS_SEARCH_USER_PATHS = NO;
				CLANG_ANALYZER_NONNULL = YES;
				CLANG_ANALYZER_NUMBER_OBJECT_CONVERSION = YES_AGGRESSIVE;
				CLANG_CXX_LANGUAGE_STANDARD = "gnu++14";
				CLANG_CXX_LIBRARY = "libc++";
				CLANG_ENABLE_MODULES = YES;
				CLANG_ENABLE_OBJC_ARC = YES;
				CLANG_ENABLE_OBJC_WEAK = YES;
				CLANG_WARN_BLOCK_CAPTURE_AUTORELEASING = YES;
				CLANG_WARN_BOOL_CONVERSION = YES;
				CLANG_WARN_COMMA = YES;
				CLANG_WARN_CONSTANT_CONVERSION = YES;
				CLANG_WARN_DEPRECATED_OBJC_IMPLEMENTATIONS = YES;
				CLANG_WARN_DIRECT_OBJC_ISA_USAGE = YES_ERROR;
				CLANG_WARN_DOCUMENTATION_COMMENTS = YES;
				CLANG_WARN_EMPTY_BODY = YES;
				CLANG_WARN_ENUM_CONVERSION = YES;
				CLANG_WARN_INFINITE_RECURSION = YES;
				CLANG_WARN_INT_CONVERSION = YES;
				CLANG_WARN_NON_LITERAL_NULL_CONVERSION = YES;
				CLANG_WARN_OBJC_IMPLICIT_RETAIN_SELF = YES;
				CLANG_WARN_OBJC_LITERAL_CONVERSION = YES;
				CLANG_WARN_OBJC_ROOT_CLASS = YES_ERROR;
				CLANG_WARN_QUOTED_INCLUDE_IN_FRAMEWORK_HEADER = YES;
				CLANG_WARN_RANGE_LOOP_ANALYSIS = YES;
				CLANG_WARN_STRICT_PROTOTYPES = YES;
				CLANG_WARN_SUSPICIOUS_MOVE = YES;
				CLANG_WARN_UNGUARDED_AVAILABILITY = YES_AGGRESSIVE;
				CLANG_WARN_UNREACHABLE_CODE = YES;
				CLANG_WARN__DUPLICATE_METHOD_MATCH = YES;
				COPY_PHASE_STRIP = NO;
				DEBUG_INFORMATION_FORMAT = "dwarf-with-dsym";
				ENABLE_NS_ASSERTIONS = NO;
				ENABLE_STRICT_OBJC_MSGSEND = YES;
				GCC_C_LANGUAGE_STANDARD = gnu11;
				GCC_NO_COMMON_BLOCKS = YES;
				GCC_WARN_64_TO_32_BIT_CONVERSION = YES;
				GCC_WARN_ABOUT_RETURN_TYPE = YES_ERROR;
				GCC_WARN_UNDECLARED_SELECTOR = YES;
				GCC_WARN_UNINITIALIZED_AUTOS = YES_AGGRESSIVE;
				GCC_WARN_UNUSED_FUNCTION = YES;
				GCC_WARN_UNUSED_VARIABLE = YES;
				IPHONEOS_DEPLOYMENT_TARGET = 13.5;
				MTL_ENABLE_DEBUG_INFO = NO;
				MTL_FAST_MATH = YES;
				SDKROOT = iphoneos;
				SWIFT_COMPILATION_MODE = wholemodule;
				SWIFT_OPTIMIZATION_LEVEL = "-O";
				VALIDATE_PRODUCT = YES;
			};
			name = Release;
		};
		00E3712424980E55004EAF23 /* Debug */ = {
			isa = XCBuildConfiguration;
			baseConfigurationReference = 65203CA22577FA4C006246C6 /* SampleCode.xcconfig */;
			buildSettings = {
				ASSETCATALOG_COMPILER_APPICON_NAME = AppIcon;
				CODE_SIGN_IDENTITY = "Apple Development";
				CODE_SIGN_STYLE = Automatic;
				DEVELOPMENT_TEAM = "";
				ENABLE_BITCODE = NO;
				GCC_TREAT_WARNINGS_AS_ERRORS = YES;
				INFOPLIST_FILE = "$(SRCROOT)/InventoryAuditSample/Resources/Info.plist";
				IPHONEOS_DEPLOYMENT_TARGET = 13.0;
				LD_RUNPATH_SEARCH_PATHS = (
					"$(inherited)",
					"@executable_path/Frameworks",
				);
				PRODUCT_BUNDLE_IDENTIFIER = "com.scandit.InventoryAuditSample${SAMPLE_CODE_DISAMBIGUATOR}";
				PRODUCT_NAME = "$(TARGET_NAME)";
				PROVISIONING_PROFILE_SPECIFIER = "";
				SWIFT_TREAT_WARNINGS_AS_ERRORS = YES;
				SWIFT_VERSION = 5.0;
				TARGETED_DEVICE_FAMILY = "1,2";
			};
			name = Debug;
		};
		00E3712524980E55004EAF23 /* Release */ = {
			isa = XCBuildConfiguration;
			baseConfigurationReference = 65203CA22577FA4C006246C6 /* SampleCode.xcconfig */;
			buildSettings = {
				ASSETCATALOG_COMPILER_APPICON_NAME = AppIcon;
				CODE_SIGN_IDENTITY = "Apple Development";
				CODE_SIGN_STYLE = Automatic;
				DEVELOPMENT_TEAM = "";
				ENABLE_BITCODE = NO;
				GCC_TREAT_WARNINGS_AS_ERRORS = YES;
				INFOPLIST_FILE = "$(SRCROOT)/InventoryAuditSample/Resources/Info.plist";
				IPHONEOS_DEPLOYMENT_TARGET = 13.0;
				LD_RUNPATH_SEARCH_PATHS = (
					"$(inherited)",
					"@executable_path/Frameworks",
				);
				PRODUCT_BUNDLE_IDENTIFIER = "com.scandit.InventoryAuditSample${SAMPLE_CODE_DISAMBIGUATOR}";
				PRODUCT_NAME = "$(TARGET_NAME)";
				PROVISIONING_PROFILE_SPECIFIER = "";
				SWIFT_TREAT_WARNINGS_AS_ERRORS = YES;
				SWIFT_VERSION = 5.0;
				TARGETED_DEVICE_FAMILY = "1,2";
			};
			name = Release;
		};
/* End XCBuildConfiguration section */

/* Begin XCConfigurationList section */
		00E3710A24980E50004EAF23 /* Build configuration list for PBXProject "InventoryAuditSample" */ = {
			isa = XCConfigurationList;
			buildConfigurations = (
				00E3712124980E55004EAF23 /* Debug */,
				00E3712224980E55004EAF23 /* Release */,
			);
			defaultConfigurationIsVisible = 0;
			defaultConfigurationName = Release;
		};
		00E3712324980E55004EAF23 /* Build configuration list for PBXNativeTarget "InventoryAuditSample" */ = {
			isa = XCConfigurationList;
			buildConfigurations = (
				00E3712424980E55004EAF23 /* Debug */,
				00E3712524980E55004EAF23 /* Release */,
			);
			defaultConfigurationIsVisible = 0;
			defaultConfigurationName = Release;
		};
/* End XCConfigurationList section */

/* Begin XCRemoteSwiftPackageReference section */
		F28749009D3970A6D7467F1F /* XCRemoteSwiftPackageReference "datacapture-spm" */ = {
			isa = XCRemoteSwiftPackageReference;
			repositoryURL = "git@github.com:Scandit/datacapture-spm.git";
			requirement = {
				kind = upToNextMinorVersion;
				minimumVersion = 6.22.1;
			};
		};
/* End XCRemoteSwiftPackageReference section */

/* Begin XCSwiftPackageProductDependency section */
		0A8E471BA3790B1B794271D0 /* ScanditCaptureCore */ = {
			isa = XCSwiftPackageProductDependency;
			package = F28749009D3970A6D7467F1F /* XCRemoteSwiftPackageReference "datacapture-spm" */;
			productName = ScanditCaptureCore;
		};
		465243D3AF138EF8057558DB /* ScanditBarcodeCapture */ = {
			isa = XCSwiftPackageProductDependency;
			package = F28749009D3970A6D7467F1F /* XCRemoteSwiftPackageReference "datacapture-spm" */;
			productName = ScanditBarcodeCapture;
		};
/* End XCSwiftPackageProductDependency section */
	};
	rootObject = 00E3710724980E50004EAF23 /* Project object */;
}
