// !$*UTF8*$!
{
	archiveVersion = 1;
	classes = {
	};
	objectVersion = 52;
	objects = {

/* Begin PBXBuildFile section */
		65203C852577F711006246C6 /* SampleCode.xcconfig in Resources */ = {isa = PBXBuildFile; fileRef = 65203C842577F711006246C6 /* SampleCode.xcconfig */; };
		652F0B3D2615D0650075D4C2 /* RectangularViewfinderDisabledColor.swift in Sources */ = {isa = PBXBuildFile; fileRef = 652F0B3C2615D0650075D4C2 /* RectangularViewfinderDisabledColor.swift */; };
		655010FC253459D900DB4708 /* DuplicateFilterTableViewController.swift in Sources */ = {isa = PBXBuildFile; fileRef = 655010FB253459D900DB4708 /* DuplicateFilterTableViewController.swift */; };
		655010FE25345B1E00DB4708 /* DuplicateFilterDataSource.swift in Sources */ = {isa = PBXBuildFile; fileRef = 655010FD25345B1E00DB4708 /* DuplicateFilterDataSource.swift */; };
		657F19A322A90A5E002F73F4 /* RectangularSizeSpecification.swift in Sources */ = {isa = PBXBuildFile; fileRef = 657F19A222A90A5E002F73F4 /* RectangularSizeSpecification.swift */; };
		65A7986525C04DCD0032289B /* ScanditCaptureCore.xcframework in Frameworks */ = {isa = PBXBuildFile; fileRef = 65A7986325C04DCC0032289B /* ScanditCaptureCore.xcframework */; };
		65A7986625C04DCD0032289B /* ScanditCaptureCore.xcframework in Embed Frameworks */ = {isa = PBXBuildFile; fileRef = 65A7986325C04DCC0032289B /* ScanditCaptureCore.xcframework */; settings = {ATTRIBUTES = (CodeSignOnCopy, RemoveHeadersOnCopy, ); }; };
		65A7986725C04DCD0032289B /* ScanditBarcodeCapture.xcframework in Frameworks */ = {isa = PBXBuildFile; fileRef = 65A7986425C04DCD0032289B /* ScanditBarcodeCapture.xcframework */; };
		65A7986825C04DCD0032289B /* ScanditBarcodeCapture.xcframework in Embed Frameworks */ = {isa = PBXBuildFile; fileRef = 65A7986425C04DCD0032289B /* ScanditBarcodeCapture.xcframework */; settings = {ATTRIBUTES = (CodeSignOnCopy, RemoveHeadersOnCopy, ); }; };
		6F144A14222E8E1A002C5C3E /* Section.swift in Sources */ = {isa = PBXBuildFile; fileRef = 6F144A13222E8E1A002C5C3E /* Section.swift */; };
		6F144A16222E8E2D002C5C3E /* Row.swift in Sources */ = {isa = PBXBuildFile; fileRef = 6F144A15222E8E2D002C5C3E /* Row.swift */; };
		6F144A18222E90A5002C5C3E /* UITableView+Utils.swift in Sources */ = {isa = PBXBuildFile; fileRef = 6F144A17222E90A5002C5C3E /* UITableView+Utils.swift */; };
		6F144A1D222E9EE7002C5C3E /* DataCaptureContext+Licensed.swift in Sources */ = {isa = PBXBuildFile; fileRef = 6F144A1C222E9EE7002C5C3E /* DataCaptureContext+Licensed.swift */; };
		6F144A22222EA124002C5C3E /* LocationSelectionTableViewController.swift in Sources */ = {isa = PBXBuildFile; fileRef = 6F144A21222EA124002C5C3E /* LocationSelectionTableViewController.swift */; };
		6F144A28222ED63E002C5C3E /* FloatWithUnitChooserViewController.swift in Sources */ = {isa = PBXBuildFile; fileRef = 6F144A27222ED63E002C5C3E /* FloatWithUnitChooserViewController.swift */; };
		6F144A2A222FBEF2002C5C3E /* MeasureUnit+Extensions.swift in Sources */ = {isa = PBXBuildFile; fileRef = 6F144A29222FBEF2002C5C3E /* MeasureUnit+Extensions.swift */; };
		6F1CE3A0222E75B300115679 /* SwitchCell.swift in Sources */ = {isa = PBXBuildFile; fileRef = 6F1CE39F222E75B200115679 /* SwitchCell.swift */; };
		6F361E6022393AFE009744EF /* SymbologiesTableViewController.swift in Sources */ = {isa = PBXBuildFile; fileRef = 6F361E5F22393AFE009744EF /* SymbologiesTableViewController.swift */; };
		6F361E6222393B42009744EF /* SymbologiesDataSource.swift in Sources */ = {isa = PBXBuildFile; fileRef = 6F361E6122393B42009744EF /* SymbologiesDataSource.swift */; };
		6F361E6422393D0D009744EF /* Symbology+Extensions.swift in Sources */ = {isa = PBXBuildFile; fileRef = 6F361E6322393D0D009744EF /* Symbology+Extensions.swift */; };
		6F361E6622394A56009744EF /* NavigationController.swift in Sources */ = {isa = PBXBuildFile; fileRef = 6F361E6522394A56009744EF /* NavigationController.swift */; };
		6F361E6A22396026009744EF /* SymbologySettingsViewController.swift in Sources */ = {isa = PBXBuildFile; fileRef = 6F361E6922396026009744EF /* SymbologySettingsViewController.swift */; };
		6F361E6C223A4285009744EF /* SymbologySettingsDataSource.swift in Sources */ = {isa = PBXBuildFile; fileRef = 6F361E6B223A4285009744EF /* SymbologySettingsDataSource.swift */; };
		6F361E70223A7749009744EF /* Set+Extensions.swift in Sources */ = {isa = PBXBuildFile; fileRef = 6F361E6F223A7749009744EF /* Set+Extensions.swift */; };
		6F361E74223FAE78009744EF /* Constants.swift in Sources */ = {isa = PBXBuildFile; fileRef = 6F361E73223FAE78009744EF /* Constants.swift */; };
		6F361E76223FAF3F009744EF /* MainTableViewController.swift in Sources */ = {isa = PBXBuildFile; fileRef = 6F361E75223FAF3F009744EF /* MainTableViewController.swift */; };
		6F668AEC225651A300DCA33A /* Result.storyboard in Resources */ = {isa = PBXBuildFile; fileRef = 6F668AEA225651A300DCA33A /* Result.storyboard */; };
		6F668AEE225651DD00DCA33A /* ResultTableViewController.swift in Sources */ = {isa = PBXBuildFile; fileRef = 6F668AED225651DD00DCA33A /* ResultTableViewController.swift */; };
		6F668AF02256524E00DCA33A /* ResultDataSource.swift in Sources */ = {isa = PBXBuildFile; fileRef = 6F668AEF2256524E00DCA33A /* ResultDataSource.swift */; };
		6F869D0C222FC83A00E20833 /* FloatInputCell.swift in Sources */ = {isa = PBXBuildFile; fileRef = 6F869D0B222FC83A00E20833 /* FloatInputCell.swift */; };
		6F869D1122300A0C00E20833 /* SettingsManager.swift in Sources */ = {isa = PBXBuildFile; fileRef = 6F869D1022300A0C00E20833 /* SettingsManager.swift */; };
		6F869D152230218500E20833 /* FeedbackTableViewController.swift in Sources */ = {isa = PBXBuildFile; fileRef = 6F869D142230218500E20833 /* FeedbackTableViewController.swift */; };
		6F869D1822310C2900E20833 /* UITableViewCell+Extensions.swift in Sources */ = {isa = PBXBuildFile; fileRef = 6F869D1722310C2900E20833 /* UITableViewCell+Extensions.swift */; };
		6F869D1A2231187700E20833 /* DataSourceDelegate.swift in Sources */ = {isa = PBXBuildFile; fileRef = 6F869D192231187700E20833 /* DataSourceDelegate.swift */; };
		6F869D1C223118CF00E20833 /* LocationSelectionDataSource.swift in Sources */ = {isa = PBXBuildFile; fileRef = 6F869D1B223118CF00E20833 /* LocationSelectionDataSource.swift */; };
		6F869D1E2231191500E20833 /* DataSource.swift in Sources */ = {isa = PBXBuildFile; fileRef = 6F869D1D2231191500E20833 /* DataSource.swift */; };
		6F869D2222311CB200E20833 /* FeedbackDataSource.swift in Sources */ = {isa = PBXBuildFile; fileRef = 6F869D2122311CB200E20833 /* FeedbackDataSource.swift */; };
		6F869D2422311F3000E20833 /* CameraTableViewController.swift in Sources */ = {isa = PBXBuildFile; fileRef = 6F869D2322311F3000E20833 /* CameraTableViewController.swift */; };
		6F869D2622311FFC00E20833 /* CameraDataSource.swift in Sources */ = {isa = PBXBuildFile; fileRef = 6F869D2522311FFC00E20833 /* CameraDataSource.swift */; };
		6F869D2822312FC500E20833 /* SettingsTableViewController.swift in Sources */ = {isa = PBXBuildFile; fileRef = 6F869D2722312FC500E20833 /* SettingsTableViewController.swift */; };
		6F869D2A2231357800E20833 /* BasicCell.swift in Sources */ = {isa = PBXBuildFile; fileRef = 6F869D292231357800E20833 /* BasicCell.swift */; };
		6F869D2C22315D9B00E20833 /* ChoiceViewController.swift in Sources */ = {isa = PBXBuildFile; fileRef = 6F869D2B22315D9B00E20833 /* ChoiceViewController.swift */; };
		6F869D2E223161F900E20833 /* VideoResolution+Extensions.swift in Sources */ = {isa = PBXBuildFile; fileRef = 6F869D2D223161F900E20833 /* VideoResolution+Extensions.swift */; };
		6F869D3022316EA700E20833 /* FocusRange+Extensions.swift in Sources */ = {isa = PBXBuildFile; fileRef = 6F869D2F22316EA700E20833 /* FocusRange+Extensions.swift */; };
		6F869D3222325E2700E20833 /* SliderCell.swift in Sources */ = {isa = PBXBuildFile; fileRef = 6F869D3122325E2700E20833 /* SliderCell.swift */; };
		6F869D34223261D000E20833 /* SliderCell.xib in Resources */ = {isa = PBXBuildFile; fileRef = 6F869D33223261D000E20833 /* SliderCell.xib */; };
		6F869D3A2232933300E20833 /* ViewSettings.storyboard in Resources */ = {isa = PBXBuildFile; fileRef = 6F869D382232933300E20833 /* ViewSettings.storyboard */; };
		6F869D3C2232935500E20833 /* BarcodeCaptureSettings.storyboard in Resources */ = {isa = PBXBuildFile; fileRef = 6F869D3B2232935500E20833 /* BarcodeCaptureSettings.storyboard */; };
		6F869D3F2232936C00E20833 /* CameraSettings.storyboard in Resources */ = {isa = PBXBuildFile; fileRef = 6F869D3D2232936C00E20833 /* CameraSettings.storyboard */; };
		6F869D4422329F5300E20833 /* ScanAreaDataSource.swift in Sources */ = {isa = PBXBuildFile; fileRef = 6F869D4322329F5300E20833 /* ScanAreaDataSource.swift */; };
		6F869D482232A42300E20833 /* ScanAreaTableViewController.swift in Sources */ = {isa = PBXBuildFile; fileRef = 6F869D472232A42300E20833 /* ScanAreaTableViewController.swift */; };
		6FA0B291219AE7B600FF780A /* AppDelegate.swift in Sources */ = {isa = PBXBuildFile; fileRef = 6FA0B290219AE7B600FF780A /* AppDelegate.swift */; };
		6FA0B293219AE7B600FF780A /* ScanViewController.swift in Sources */ = {isa = PBXBuildFile; fileRef = 6FA0B292219AE7B600FF780A /* ScanViewController.swift */; };
		6FA0B296219AE7B600FF780A /* Main.storyboard in Resources */ = {isa = PBXBuildFile; fileRef = 6FA0B294219AE7B600FF780A /* Main.storyboard */; };
		6FA0B298219AE7B800FF780A /* Assets.xcassets in Resources */ = {isa = PBXBuildFile; fileRef = 6FA0B297219AE7B800FF780A /* Assets.xcassets */; };
		6FA0B29B219AE7B800FF780A /* LaunchScreen.storyboard in Resources */ = {isa = PBXBuildFile; fileRef = 6FA0B299219AE7B800FF780A /* LaunchScreen.storyboard */; };
		6FAC8BBF228067450055CFD6 /* CompositeTypes+Extensions.swift in Sources */ = {isa = PBXBuildFile; fileRef = 6FAC8BBE228067450055CFD6 /* CompositeTypes+Extensions.swift */; };
		6FC1F45A22804006001143CB /* OptionalAny+Extensions.swift in Sources */ = {isa = PBXBuildFile; fileRef = 6FC1F45922804006001143CB /* OptionalAny+Extensions.swift */; };
		6FFECF2B2232AB00005CE4CD /* Float+Extensions.swift in Sources */ = {isa = PBXBuildFile; fileRef = 6FFECF2A2232AB00005CE4CD /* Float+Extensions.swift */; };
		6FFECF2D2232B0A1005CE4CD /* Row+Specializations.swift in Sources */ = {isa = PBXBuildFile; fileRef = 6FFECF2C2232B0A1005CE4CD /* Row+Specializations.swift */; };
		6FFECF2F2232C323005CE4CD /* PointOfInterestTableViewController.swift in Sources */ = {isa = PBXBuildFile; fileRef = 6FFECF2E2232C323005CE4CD /* PointOfInterestTableViewController.swift */; };
		6FFECF312232C345005CE4CD /* PointOfInterestDataSource.swift in Sources */ = {isa = PBXBuildFile; fileRef = 6FFECF302232C345005CE4CD /* PointOfInterestDataSource.swift */; };
		6FFECF332232CD1F005CE4CD /* OverlayTableViewController.swift in Sources */ = {isa = PBXBuildFile; fileRef = 6FFECF322232CD1F005CE4CD /* OverlayTableViewController.swift */; };
		6FFECF352232CD38005CE4CD /* OverlayDataSource.swift in Sources */ = {isa = PBXBuildFile; fileRef = 6FFECF342232CD38005CE4CD /* OverlayDataSource.swift */; };
		6FFECF3722366DC5005CE4CD /* LogoTableViewController.swift in Sources */ = {isa = PBXBuildFile; fileRef = 6FFECF3622366DC5005CE4CD /* LogoTableViewController.swift */; };
		6FFECF3922366DFB005CE4CD /* LogoDataSource.swift in Sources */ = {isa = PBXBuildFile; fileRef = 6FFECF3822366DFB005CE4CD /* LogoDataSource.swift */; };
		6FFECF3B22367440005CE4CD /* Anchor+Extensions.swift in Sources */ = {isa = PBXBuildFile; fileRef = 6FFECF3A22367440005CE4CD /* Anchor+Extensions.swift */; };
		6FFECF3D223676C9005CE4CD /* ControlsTableViewController.swift in Sources */ = {isa = PBXBuildFile; fileRef = 6FFECF3C223676C9005CE4CD /* ControlsTableViewController.swift */; };
		6FFECF3F223676E2005CE4CD /* ControlsDataSource.swift in Sources */ = {isa = PBXBuildFile; fileRef = 6FFECF3E223676E2005CE4CD /* ControlsDataSource.swift */; };
		6FFECF4122368AA2005CE4CD /* ViewfinderTableViewController.swift in Sources */ = {isa = PBXBuildFile; fileRef = 6FFECF4022368AA2005CE4CD /* ViewfinderTableViewController.swift */; };
		6FFECF4322368AEA005CE4CD /* ViewfinderDataSource.swift in Sources */ = {isa = PBXBuildFile; fileRef = 6FFECF4222368AEA005CE4CD /* ViewfinderDataSource.swift */; };
		6FFECF4622369B2A005CE4CD /* RectangularViewfinderColor.swift in Sources */ = {isa = PBXBuildFile; fileRef = 6FFECF4522369B2A005CE4CD /* RectangularViewfinderColor.swift */; };
		6FFECF4822369EDA005CE4CD /* LaserlineViewfinderEnabledColor.swift in Sources */ = {isa = PBXBuildFile; fileRef = 6FFECF4722369EDA005CE4CD /* LaserlineViewfinderEnabledColor.swift */; };
		6FFECF4A22369EE5005CE4CD /* LaserlineViewfinderDisabledColor.swift in Sources */ = {isa = PBXBuildFile; fileRef = 6FFECF4922369EE5005CE4CD /* LaserlineViewfinderDisabledColor.swift */; };
		A2269B1925277BF600FC7451 /* CompositeTypes.swift in Sources */ = {isa = PBXBuildFile; fileRef = A2269B1825277BF600FC7451 /* CompositeTypes.swift */; };
		A2269B1B25277C3700FC7451 /* CompositeTypesDataSource.swift in Sources */ = {isa = PBXBuildFile; fileRef = A2269B1A25277C3700FC7451 /* CompositeTypesDataSource.swift */; };
		A2269B1D2527807700FC7451 /* NumberFormatter+Extensions.swift in Sources */ = {isa = PBXBuildFile; fileRef = A2269B1C2527807700FC7451 /* NumberFormatter+Extensions.swift */; };
		A235C1822565598A00A69123 /* AimerViewfinderFrameColor.swift in Sources */ = {isa = PBXBuildFile; fileRef = A235C1812565598A00A69123 /* AimerViewfinderFrameColor.swift */; };
		A235C18425655A4B00A69123 /* AimerViewfinderDotColor.swift in Sources */ = {isa = PBXBuildFile; fileRef = A235C18325655A4B00A69123 /* AimerViewfinderDotColor.swift */; };
		A24906E2255EB19C0024A9F3 /* FocusGestureStrategy+Extensions.swift in Sources */ = {isa = PBXBuildFile; fileRef = A24906E1255EB19C0024A9F3 /* FocusGestureStrategy+Extensions.swift */; };
		A24906E4255EB8360024A9F3 /* SettingsManager+BarcodeCapture.swift in Sources */ = {isa = PBXBuildFile; fileRef = A24906E3255EB8360024A9F3 /* SettingsManager+BarcodeCapture.swift */; };
		A24906E6255EB83E0024A9F3 /* SettingsManager+Camera.swift in Sources */ = {isa = PBXBuildFile; fileRef = A24906E5255EB83E0024A9F3 /* SettingsManager+Camera.swift */; };
		A24906E8255EB8440024A9F3 /* SettingsManager+View.swift in Sources */ = {isa = PBXBuildFile; fileRef = A24906E7255EB8440024A9F3 /* SettingsManager+View.swift */; };
		A2B1653F25DD6B5D008FF68A /* ViewfinderStyles.swift in Sources */ = {isa = PBXBuildFile; fileRef = A2B1653E25DD6B5D008FF68A /* ViewfinderStyles.swift */; };
		A2CC098C255E9D7600C2E3EA /* GesturesTableViewController.swift in Sources */ = {isa = PBXBuildFile; fileRef = A2CC098B255E9D7600C2E3EA /* GesturesTableViewController.swift */; };
		A2CC098E255E9DE700C2E3EA /* GesturesDataSource.swift in Sources */ = {isa = PBXBuildFile; fileRef = A2CC098D255E9DE700C2E3EA /* GesturesDataSource.swift */; };
		A2E5EA1E261766D100D43871 /* UIColor+Extensions.swift in Sources */ = {isa = PBXBuildFile; fileRef = A2E5EA1D261766D100D43871 /* UIColor+Extensions.swift */; };
/* End PBXBuildFile section */

/* Begin PBXCopyFilesBuildPhase section */
		6FA0B2B2219AF57200FF780A /* Embed Frameworks */ = {
			isa = PBXCopyFilesBuildPhase;
			buildActionMask = 2147483647;
			dstPath = "";
			dstSubfolderSpec = 10;
			files = (
				65A7986825C04DCD0032289B /* ScanditBarcodeCapture.xcframework in Embed Frameworks */,
				65A7986625C04DCD0032289B /* ScanditCaptureCore.xcframework in Embed Frameworks */,
			);
			name = "Embed Frameworks";
			runOnlyForDeploymentPostprocessing = 0;
		};
/* End PBXCopyFilesBuildPhase section */

/* Begin PBXFileReference section */
		65203C842577F711006246C6 /* SampleCode.xcconfig */ = {isa = PBXFileReference; fileEncoding = 4; lastKnownFileType = text.xcconfig; path = SampleCode.xcconfig; sourceTree = "<group>"; };
		652F0B3C2615D0650075D4C2 /* RectangularViewfinderDisabledColor.swift */ = {isa = PBXFileReference; fileEncoding = 4; lastKnownFileType = sourcecode.swift; path = RectangularViewfinderDisabledColor.swift; sourceTree = "<group>"; };
		655010FB253459D900DB4708 /* DuplicateFilterTableViewController.swift */ = {isa = PBXFileReference; fileEncoding = 4; lastKnownFileType = sourcecode.swift; path = DuplicateFilterTableViewController.swift; sourceTree = "<group>"; };
		655010FD25345B1E00DB4708 /* DuplicateFilterDataSource.swift */ = {isa = PBXFileReference; fileEncoding = 4; lastKnownFileType = sourcecode.swift; path = DuplicateFilterDataSource.swift; sourceTree = "<group>"; };
		657F19A222A90A5E002F73F4 /* RectangularSizeSpecification.swift */ = {isa = PBXFileReference; fileEncoding = 4; lastKnownFileType = sourcecode.swift; path = RectangularSizeSpecification.swift; sourceTree = "<group>"; };
		65A7986325C04DCC0032289B /* ScanditCaptureCore.xcframework */ = {isa = PBXFileReference; lastKnownFileType = wrapper.xcframework; path = ScanditCaptureCore.xcframework; sourceTree = "<group>"; };
		65A7986425C04DCD0032289B /* ScanditBarcodeCapture.xcframework */ = {isa = PBXFileReference; lastKnownFileType = wrapper.xcframework; path = ScanditBarcodeCapture.xcframework; sourceTree = "<group>"; };
		6F144A13222E8E1A002C5C3E /* Section.swift */ = {isa = PBXFileReference; lastKnownFileType = sourcecode.swift; path = Section.swift; sourceTree = "<group>"; };
		6F144A15222E8E2D002C5C3E /* Row.swift */ = {isa = PBXFileReference; lastKnownFileType = sourcecode.swift; path = Row.swift; sourceTree = "<group>"; };
		6F144A17222E90A5002C5C3E /* UITableView+Utils.swift */ = {isa = PBXFileReference; lastKnownFileType = sourcecode.swift; path = "UITableView+Utils.swift"; sourceTree = "<group>"; };
		6F144A1C222E9EE7002C5C3E /* DataCaptureContext+Licensed.swift */ = {isa = PBXFileReference; lastKnownFileType = sourcecode.swift; path = "DataCaptureContext+Licensed.swift"; sourceTree = "<group>"; };
		6F144A21222EA124002C5C3E /* LocationSelectionTableViewController.swift */ = {isa = PBXFileReference; lastKnownFileType = sourcecode.swift; path = LocationSelectionTableViewController.swift; sourceTree = "<group>"; };
		6F144A27222ED63E002C5C3E /* FloatWithUnitChooserViewController.swift */ = {isa = PBXFileReference; lastKnownFileType = sourcecode.swift; path = FloatWithUnitChooserViewController.swift; sourceTree = "<group>"; };
		6F144A29222FBEF2002C5C3E /* MeasureUnit+Extensions.swift */ = {isa = PBXFileReference; lastKnownFileType = sourcecode.swift; path = "MeasureUnit+Extensions.swift"; sourceTree = "<group>"; };
		6F1CE39F222E75B200115679 /* SwitchCell.swift */ = {isa = PBXFileReference; fileEncoding = 4; lastKnownFileType = sourcecode.swift; path = SwitchCell.swift; sourceTree = "<group>"; };
		6F361E5F22393AFE009744EF /* SymbologiesTableViewController.swift */ = {isa = PBXFileReference; lastKnownFileType = sourcecode.swift; path = SymbologiesTableViewController.swift; sourceTree = "<group>"; };
		6F361E6122393B42009744EF /* SymbologiesDataSource.swift */ = {isa = PBXFileReference; lastKnownFileType = sourcecode.swift; path = SymbologiesDataSource.swift; sourceTree = "<group>"; };
		6F361E6322393D0D009744EF /* Symbology+Extensions.swift */ = {isa = PBXFileReference; lastKnownFileType = sourcecode.swift; path = "Symbology+Extensions.swift"; sourceTree = "<group>"; };
		6F361E6522394A56009744EF /* NavigationController.swift */ = {isa = PBXFileReference; lastKnownFileType = sourcecode.swift; path = NavigationController.swift; sourceTree = "<group>"; };
		6F361E6922396026009744EF /* SymbologySettingsViewController.swift */ = {isa = PBXFileReference; lastKnownFileType = sourcecode.swift; path = SymbologySettingsViewController.swift; sourceTree = "<group>"; };
		6F361E6B223A4285009744EF /* SymbologySettingsDataSource.swift */ = {isa = PBXFileReference; lastKnownFileType = sourcecode.swift; path = SymbologySettingsDataSource.swift; sourceTree = "<group>"; };
		6F361E6F223A7749009744EF /* Set+Extensions.swift */ = {isa = PBXFileReference; lastKnownFileType = sourcecode.swift; path = "Set+Extensions.swift"; sourceTree = "<group>"; };
		6F361E73223FAE78009744EF /* Constants.swift */ = {isa = PBXFileReference; fileEncoding = 4; lastKnownFileType = sourcecode.swift; path = Constants.swift; sourceTree = "<group>"; };
		6F361E75223FAF3F009744EF /* MainTableViewController.swift */ = {isa = PBXFileReference; lastKnownFileType = sourcecode.swift; path = MainTableViewController.swift; sourceTree = "<group>"; };
		6F668AEB225651A300DCA33A /* Base */ = {isa = PBXFileReference; lastKnownFileType = file.storyboard; name = Base; path = BarcodeCaptureSettingsSample/Storyboards/Base.lproj/Result.storyboard; sourceTree = "<group>"; };
		6F668AED225651DD00DCA33A /* ResultTableViewController.swift */ = {isa = PBXFileReference; lastKnownFileType = sourcecode.swift; path = ResultTableViewController.swift; sourceTree = "<group>"; };
		6F668AEF2256524E00DCA33A /* ResultDataSource.swift */ = {isa = PBXFileReference; lastKnownFileType = sourcecode.swift; path = ResultDataSource.swift; sourceTree = "<group>"; };
		6F869D0B222FC83A00E20833 /* FloatInputCell.swift */ = {isa = PBXFileReference; lastKnownFileType = sourcecode.swift; path = FloatInputCell.swift; sourceTree = "<group>"; };
		6F869D1022300A0C00E20833 /* SettingsManager.swift */ = {isa = PBXFileReference; lastKnownFileType = sourcecode.swift; path = SettingsManager.swift; sourceTree = "<group>"; };
		6F869D142230218500E20833 /* FeedbackTableViewController.swift */ = {isa = PBXFileReference; lastKnownFileType = sourcecode.swift; path = FeedbackTableViewController.swift; sourceTree = "<group>"; };
		6F869D1722310C2900E20833 /* UITableViewCell+Extensions.swift */ = {isa = PBXFileReference; lastKnownFileType = sourcecode.swift; path = "UITableViewCell+Extensions.swift"; sourceTree = "<group>"; };
		6F869D192231187700E20833 /* DataSourceDelegate.swift */ = {isa = PBXFileReference; lastKnownFileType = sourcecode.swift; path = DataSourceDelegate.swift; sourceTree = "<group>"; };
		6F869D1B223118CF00E20833 /* LocationSelectionDataSource.swift */ = {isa = PBXFileReference; lastKnownFileType = sourcecode.swift; path = LocationSelectionDataSource.swift; sourceTree = "<group>"; };
		6F869D1D2231191500E20833 /* DataSource.swift */ = {isa = PBXFileReference; lastKnownFileType = sourcecode.swift; path = DataSource.swift; sourceTree = "<group>"; };
		6F869D2122311CB200E20833 /* FeedbackDataSource.swift */ = {isa = PBXFileReference; lastKnownFileType = sourcecode.swift; path = FeedbackDataSource.swift; sourceTree = "<group>"; };
		6F869D2322311F3000E20833 /* CameraTableViewController.swift */ = {isa = PBXFileReference; lastKnownFileType = sourcecode.swift; path = CameraTableViewController.swift; sourceTree = "<group>"; };
		6F869D2522311FFC00E20833 /* CameraDataSource.swift */ = {isa = PBXFileReference; lastKnownFileType = sourcecode.swift; path = CameraDataSource.swift; sourceTree = "<group>"; };
		6F869D2722312FC500E20833 /* SettingsTableViewController.swift */ = {isa = PBXFileReference; lastKnownFileType = sourcecode.swift; path = SettingsTableViewController.swift; sourceTree = "<group>"; };
		6F869D292231357800E20833 /* BasicCell.swift */ = {isa = PBXFileReference; lastKnownFileType = sourcecode.swift; path = BasicCell.swift; sourceTree = "<group>"; };
		6F869D2B22315D9B00E20833 /* ChoiceViewController.swift */ = {isa = PBXFileReference; lastKnownFileType = sourcecode.swift; path = ChoiceViewController.swift; sourceTree = "<group>"; };
		6F869D2D223161F900E20833 /* VideoResolution+Extensions.swift */ = {isa = PBXFileReference; lastKnownFileType = sourcecode.swift; path = "VideoResolution+Extensions.swift"; sourceTree = "<group>"; };
		6F869D2F22316EA700E20833 /* FocusRange+Extensions.swift */ = {isa = PBXFileReference; lastKnownFileType = sourcecode.swift; path = "FocusRange+Extensions.swift"; sourceTree = "<group>"; };
		6F869D3122325E2700E20833 /* SliderCell.swift */ = {isa = PBXFileReference; lastKnownFileType = sourcecode.swift; path = SliderCell.swift; sourceTree = "<group>"; };
		6F869D33223261D000E20833 /* SliderCell.xib */ = {isa = PBXFileReference; lastKnownFileType = file.xib; path = SliderCell.xib; sourceTree = "<group>"; };
		6F869D392232933300E20833 /* Base */ = {isa = PBXFileReference; lastKnownFileType = file.storyboard; name = Base; path = BarcodeCaptureSettingsSample/Storyboards/Base.lproj/ViewSettings.storyboard; sourceTree = "<group>"; };
		6F869D3B2232935500E20833 /* BarcodeCaptureSettings.storyboard */ = {isa = PBXFileReference; fileEncoding = 4; lastKnownFileType = file.storyboard; path = BarcodeCaptureSettings.storyboard; sourceTree = "<group>"; };
		6F869D3E2232936C00E20833 /* Base */ = {isa = PBXFileReference; lastKnownFileType = file.storyboard; name = Base; path = BarcodeCaptureSettingsSample/Storyboards/Base.lproj/CameraSettings.storyboard; sourceTree = "<group>"; };
		6F869D4322329F5300E20833 /* ScanAreaDataSource.swift */ = {isa = PBXFileReference; lastKnownFileType = sourcecode.swift; path = ScanAreaDataSource.swift; sourceTree = "<group>"; };
		6F869D472232A42300E20833 /* ScanAreaTableViewController.swift */ = {isa = PBXFileReference; lastKnownFileType = sourcecode.swift; path = ScanAreaTableViewController.swift; sourceTree = "<group>"; };
		6FA0B28D219AE7B600FF780A /* BarcodeCaptureSettingsSample.app */ = {isa = PBXFileReference; explicitFileType = wrapper.application; includeInIndex = 0; path = BarcodeCaptureSettingsSample.app; sourceTree = BUILT_PRODUCTS_DIR; };
		6FA0B290219AE7B600FF780A /* AppDelegate.swift */ = {isa = PBXFileReference; lastKnownFileType = sourcecode.swift; path = AppDelegate.swift; sourceTree = "<group>"; };
		6FA0B292219AE7B600FF780A /* ScanViewController.swift */ = {isa = PBXFileReference; lastKnownFileType = sourcecode.swift; path = ScanViewController.swift; sourceTree = "<group>"; };
		6FA0B295219AE7B600FF780A /* Base */ = {isa = PBXFileReference; lastKnownFileType = file.storyboard; name = Base; path = Base.lproj/Main.storyboard; sourceTree = "<group>"; };
		6FA0B297219AE7B800FF780A /* Assets.xcassets */ = {isa = PBXFileReference; lastKnownFileType = folder.assetcatalog; path = Assets.xcassets; sourceTree = "<group>"; };
		6FA0B29A219AE7B800FF780A /* Base */ = {isa = PBXFileReference; lastKnownFileType = file.storyboard; name = Base; path = Base.lproj/LaunchScreen.storyboard; sourceTree = "<group>"; };
		6FA0B29C219AE7B800FF780A /* Info.plist */ = {isa = PBXFileReference; lastKnownFileType = text.plist.xml; path = Info.plist; sourceTree = "<group>"; };
		6FAC8BBE228067450055CFD6 /* CompositeTypes+Extensions.swift */ = {isa = PBXFileReference; lastKnownFileType = sourcecode.swift; path = "CompositeTypes+Extensions.swift"; sourceTree = "<group>"; };
		6FC1F45922804006001143CB /* OptionalAny+Extensions.swift */ = {isa = PBXFileReference; lastKnownFileType = sourcecode.swift; path = "OptionalAny+Extensions.swift"; sourceTree = "<group>"; };
		6FFECF2A2232AB00005CE4CD /* Float+Extensions.swift */ = {isa = PBXFileReference; lastKnownFileType = sourcecode.swift; path = "Float+Extensions.swift"; sourceTree = "<group>"; };
		6FFECF2C2232B0A1005CE4CD /* Row+Specializations.swift */ = {isa = PBXFileReference; lastKnownFileType = sourcecode.swift; path = "Row+Specializations.swift"; sourceTree = "<group>"; };
		6FFECF2E2232C323005CE4CD /* PointOfInterestTableViewController.swift */ = {isa = PBXFileReference; lastKnownFileType = sourcecode.swift; path = PointOfInterestTableViewController.swift; sourceTree = "<group>"; };
		6FFECF302232C345005CE4CD /* PointOfInterestDataSource.swift */ = {isa = PBXFileReference; lastKnownFileType = sourcecode.swift; path = PointOfInterestDataSource.swift; sourceTree = "<group>"; };
		6FFECF322232CD1F005CE4CD /* OverlayTableViewController.swift */ = {isa = PBXFileReference; lastKnownFileType = sourcecode.swift; path = OverlayTableViewController.swift; sourceTree = "<group>"; };
		6FFECF342232CD38005CE4CD /* OverlayDataSource.swift */ = {isa = PBXFileReference; lastKnownFileType = sourcecode.swift; path = OverlayDataSource.swift; sourceTree = "<group>"; };
		6FFECF3622366DC5005CE4CD /* LogoTableViewController.swift */ = {isa = PBXFileReference; lastKnownFileType = sourcecode.swift; path = LogoTableViewController.swift; sourceTree = "<group>"; };
		6FFECF3822366DFB005CE4CD /* LogoDataSource.swift */ = {isa = PBXFileReference; lastKnownFileType = sourcecode.swift; path = LogoDataSource.swift; sourceTree = "<group>"; };
		6FFECF3A22367440005CE4CD /* Anchor+Extensions.swift */ = {isa = PBXFileReference; lastKnownFileType = sourcecode.swift; path = "Anchor+Extensions.swift"; sourceTree = "<group>"; };
		6FFECF3C223676C9005CE4CD /* ControlsTableViewController.swift */ = {isa = PBXFileReference; lastKnownFileType = sourcecode.swift; path = ControlsTableViewController.swift; sourceTree = "<group>"; };
		6FFECF3E223676E2005CE4CD /* ControlsDataSource.swift */ = {isa = PBXFileReference; lastKnownFileType = sourcecode.swift; path = ControlsDataSource.swift; sourceTree = "<group>"; };
		6FFECF4022368AA2005CE4CD /* ViewfinderTableViewController.swift */ = {isa = PBXFileReference; lastKnownFileType = sourcecode.swift; path = ViewfinderTableViewController.swift; sourceTree = "<group>"; };
		6FFECF4222368AEA005CE4CD /* ViewfinderDataSource.swift */ = {isa = PBXFileReference; lastKnownFileType = sourcecode.swift; path = ViewfinderDataSource.swift; sourceTree = "<group>"; };
		6FFECF4522369B2A005CE4CD /* RectangularViewfinderColor.swift */ = {isa = PBXFileReference; lastKnownFileType = sourcecode.swift; path = RectangularViewfinderColor.swift; sourceTree = "<group>"; };
		6FFECF4722369EDA005CE4CD /* LaserlineViewfinderEnabledColor.swift */ = {isa = PBXFileReference; lastKnownFileType = sourcecode.swift; path = LaserlineViewfinderEnabledColor.swift; sourceTree = "<group>"; };
		6FFECF4922369EE5005CE4CD /* LaserlineViewfinderDisabledColor.swift */ = {isa = PBXFileReference; lastKnownFileType = sourcecode.swift; path = LaserlineViewfinderDisabledColor.swift; sourceTree = "<group>"; };
		A2269B1825277BF600FC7451 /* CompositeTypes.swift */ = {isa = PBXFileReference; lastKnownFileType = sourcecode.swift; path = CompositeTypes.swift; sourceTree = "<group>"; };
		A2269B1A25277C3700FC7451 /* CompositeTypesDataSource.swift */ = {isa = PBXFileReference; lastKnownFileType = sourcecode.swift; path = CompositeTypesDataSource.swift; sourceTree = "<group>"; };
		A2269B1C2527807700FC7451 /* NumberFormatter+Extensions.swift */ = {isa = PBXFileReference; lastKnownFileType = sourcecode.swift; path = "NumberFormatter+Extensions.swift"; sourceTree = "<group>"; };
		A235C1812565598A00A69123 /* AimerViewfinderFrameColor.swift */ = {isa = PBXFileReference; lastKnownFileType = sourcecode.swift; path = AimerViewfinderFrameColor.swift; sourceTree = "<group>"; };
		A235C18325655A4B00A69123 /* AimerViewfinderDotColor.swift */ = {isa = PBXFileReference; lastKnownFileType = sourcecode.swift; path = AimerViewfinderDotColor.swift; sourceTree = "<group>"; };
		A24906E1255EB19C0024A9F3 /* FocusGestureStrategy+Extensions.swift */ = {isa = PBXFileReference; lastKnownFileType = sourcecode.swift; path = "FocusGestureStrategy+Extensions.swift"; sourceTree = "<group>"; };
		A24906E3255EB8360024A9F3 /* SettingsManager+BarcodeCapture.swift */ = {isa = PBXFileReference; lastKnownFileType = sourcecode.swift; path = "SettingsManager+BarcodeCapture.swift"; sourceTree = "<group>"; };
		A24906E5255EB83E0024A9F3 /* SettingsManager+Camera.swift */ = {isa = PBXFileReference; lastKnownFileType = sourcecode.swift; path = "SettingsManager+Camera.swift"; sourceTree = "<group>"; };
		A24906E7255EB8440024A9F3 /* SettingsManager+View.swift */ = {isa = PBXFileReference; lastKnownFileType = sourcecode.swift; path = "SettingsManager+View.swift"; sourceTree = "<group>"; };
		A2B1653E25DD6B5D008FF68A /* ViewfinderStyles.swift */ = {isa = PBXFileReference; lastKnownFileType = sourcecode.swift; path = ViewfinderStyles.swift; sourceTree = "<group>"; };
		A2CC098B255E9D7600C2E3EA /* GesturesTableViewController.swift */ = {isa = PBXFileReference; lastKnownFileType = sourcecode.swift; path = GesturesTableViewController.swift; sourceTree = "<group>"; };
		A2CC098D255E9DE700C2E3EA /* GesturesDataSource.swift */ = {isa = PBXFileReference; lastKnownFileType = sourcecode.swift; path = GesturesDataSource.swift; sourceTree = "<group>"; };
		A2E5EA1D261766D100D43871 /* UIColor+Extensions.swift */ = {isa = PBXFileReference; fileEncoding = 4; lastKnownFileType = sourcecode.swift; path = "UIColor+Extensions.swift"; sourceTree = "<group>"; };
/* End PBXFileReference section */

/* Begin PBXFrameworksBuildPhase section */
		6FA0B28A219AE7B600FF780A /* Frameworks */ = {
			isa = PBXFrameworksBuildPhase;
			buildActionMask = 2147483647;
			files = (
				65A7986725C04DCD0032289B /* ScanditBarcodeCapture.xcframework in Frameworks */,
				65A7986525C04DCD0032289B /* ScanditCaptureCore.xcframework in Frameworks */,
			);
			runOnlyForDeploymentPostprocessing = 0;
		};
/* End PBXFrameworksBuildPhase section */

/* Begin PBXGroup section */
		65203C832577F711006246C6 /* Configuration */ = {
			isa = PBXGroup;
			children = (
				65203C842577F711006246C6 /* SampleCode.xcconfig */,
			);
			name = Configuration;
			path = ../Configuration;
			sourceTree = "<group>";
		};
		6F144A12222E8E04002C5C3E /* Data Source */ = {
			isa = PBXGroup;
			children = (
				6F869D1F22311C9900E20833 /* Settings */,
				6F869D4222329F0000E20833 /* Other */,
			);
			path = "Data Source";
			sourceTree = "<group>";
		};
		6F144A19222E92B6002C5C3E /* Controllers */ = {
			isa = PBXGroup;
			children = (
				6FA0B292219AE7B600FF780A /* ScanViewController.swift */,
				6F144A1A222E92BF002C5C3E /* Settings */,
				6F869D0E2230033700E20833 /* Other */,
			);
			path = Controllers;
			sourceTree = "<group>";
		};
		6F144A1A222E92BF002C5C3E /* Settings */ = {
			isa = PBXGroup;
			children = (
				6F361E75223FAF3F009744EF /* MainTableViewController.swift */,
				6F869D162230218A00E20833 /* Barcode Capture */,
				6F869D2322311F3000E20833 /* CameraTableViewController.swift */,
				6F869D402232974C00E20833 /* View */,
				6F668AED225651DD00DCA33A /* ResultTableViewController.swift */,
			);
			path = Settings;
			sourceTree = "<group>";
		};
		6F144A1B222E92EA002C5C3E /* Extensions */ = {
			isa = PBXGroup;
			children = (
				6F144A1C222E9EE7002C5C3E /* DataCaptureContext+Licensed.swift */,
				6F144A29222FBEF2002C5C3E /* MeasureUnit+Extensions.swift */,
				6F869D2D223161F900E20833 /* VideoResolution+Extensions.swift */,
				6F869D2F22316EA700E20833 /* FocusRange+Extensions.swift */,
				6FFECF3A22367440005CE4CD /* Anchor+Extensions.swift */,
				6F869D1722310C2900E20833 /* UITableViewCell+Extensions.swift */,
				6FFECF2A2232AB00005CE4CD /* Float+Extensions.swift */,
				6F361E6322393D0D009744EF /* Symbology+Extensions.swift */,
				6F361E6F223A7749009744EF /* Set+Extensions.swift */,
				6FC1F45922804006001143CB /* OptionalAny+Extensions.swift */,
				A2269B1C2527807700FC7451 /* NumberFormatter+Extensions.swift */,
				6FAC8BBE228067450055CFD6 /* CompositeTypes+Extensions.swift */,
				A24906E1255EB19C0024A9F3 /* FocusGestureStrategy+Extensions.swift */,
				A2B1653E25DD6B5D008FF68A /* ViewfinderStyles.swift */,
				A2E5EA1D261766D100D43871 /* UIColor+Extensions.swift */,
			);
			path = Extensions;
			sourceTree = "<group>";
		};
		6F144A20222EA057002C5C3E /* Storyboards */ = {
			isa = PBXGroup;
			children = (
				6FA0B294219AE7B600FF780A /* Main.storyboard */,
				6F869D3B2232935500E20833 /* BarcodeCaptureSettings.storyboard */,
				6F869D3D2232936C00E20833 /* CameraSettings.storyboard */,
				6F869D382232933300E20833 /* ViewSettings.storyboard */,
				6F668AEA225651A300DCA33A /* Result.storyboard */,
			);
			path = Storyboards;
			sourceTree = "<group>";
		};
		6F1CE39E222E6CD800115679 /* Views */ = {
			isa = PBXGroup;
			children = (
				6F869D292231357800E20833 /* BasicCell.swift */,
				6F1CE39F222E75B200115679 /* SwitchCell.swift */,
				6F869D0B222FC83A00E20833 /* FloatInputCell.swift */,
				6F869D352232624A00E20833 /* SliderCell */,
				6F144A17222E90A5002C5C3E /* UITableView+Utils.swift */,
			);
			path = Views;
			sourceTree = "<group>";
		};
		6F361E6D223A428B009744EF /* Symbologies */ = {
			isa = PBXGroup;
			children = (
				6F361E6122393B42009744EF /* SymbologiesDataSource.swift */,
				6F361E6B223A4285009744EF /* SymbologySettingsDataSource.swift */,
			);
			path = Symbologies;
			sourceTree = "<group>";
		};
		6F361E6E223A496D009744EF /* Symbologies */ = {
			isa = PBXGroup;
			children = (
				6F361E5F22393AFE009744EF /* SymbologiesTableViewController.swift */,
				6F361E6922396026009744EF /* SymbologySettingsViewController.swift */,
			);
			path = Symbologies;
			sourceTree = "<group>";
		};
		6F869D0E2230033700E20833 /* Other */ = {
			isa = PBXGroup;
			children = (
				6F361E6522394A56009744EF /* NavigationController.swift */,
				6F869D2722312FC500E20833 /* SettingsTableViewController.swift */,
				6F144A27222ED63E002C5C3E /* FloatWithUnitChooserViewController.swift */,
				6F869D2B22315D9B00E20833 /* ChoiceViewController.swift */,
			);
			path = Other;
			sourceTree = "<group>";
		};
		6F869D0F223009FC00E20833 /* Model */ = {
			isa = PBXGroup;
			children = (
				6F869D1022300A0C00E20833 /* SettingsManager.swift */,
				A24906E3255EB8360024A9F3 /* SettingsManager+BarcodeCapture.swift */,
				A24906E5255EB83E0024A9F3 /* SettingsManager+Camera.swift */,
				A24906E7255EB8440024A9F3 /* SettingsManager+View.swift */,
			);
			path = Model;
			sourceTree = "<group>";
		};
		6F869D162230218A00E20833 /* Barcode Capture */ = {
			isa = PBXGroup;
			children = (
				6F361E6E223A496D009744EF /* Symbologies */,
				A2269B1825277BF600FC7451 /* CompositeTypes.swift */,
				655010FB253459D900DB4708 /* DuplicateFilterTableViewController.swift */,
				6F144A21222EA124002C5C3E /* LocationSelectionTableViewController.swift */,
				6F869D142230218500E20833 /* FeedbackTableViewController.swift */,
			);
			path = "Barcode Capture";
			sourceTree = "<group>";
		};
		6F869D1F22311C9900E20833 /* Settings */ = {
			isa = PBXGroup;
			children = (
				657F19A222A90A5E002F73F4 /* RectangularSizeSpecification.swift */,
				6F869D2022311CA100E20833 /* BarcodeCapture */,
				6F869D2522311FFC00E20833 /* CameraDataSource.swift */,
				6F869D4522329F5700E20833 /* View */,
				6F668AEF2256524E00DCA33A /* ResultDataSource.swift */,
			);
			path = Settings;
			sourceTree = "<group>";
		};
		6F869D2022311CA100E20833 /* BarcodeCapture */ = {
			isa = PBXGroup;
			children = (
				6F361E6D223A428B009744EF /* Symbologies */,
				A2269B1A25277C3700FC7451 /* CompositeTypesDataSource.swift */,
				655010FD25345B1E00DB4708 /* DuplicateFilterDataSource.swift */,
				6F869D1B223118CF00E20833 /* LocationSelectionDataSource.swift */,
				6F869D2122311CB200E20833 /* FeedbackDataSource.swift */,
			);
			path = BarcodeCapture;
			sourceTree = "<group>";
		};
		6F869D352232624A00E20833 /* SliderCell */ = {
			isa = PBXGroup;
			children = (
				6F869D3122325E2700E20833 /* SliderCell.swift */,
				6F869D33223261D000E20833 /* SliderCell.xib */,
			);
			path = SliderCell;
			sourceTree = "<group>";
		};
		6F869D402232974C00E20833 /* View */ = {
			isa = PBXGroup;
			children = (
				6F869D472232A42300E20833 /* ScanAreaTableViewController.swift */,
				6FFECF2E2232C323005CE4CD /* PointOfInterestTableViewController.swift */,
				6FFECF322232CD1F005CE4CD /* OverlayTableViewController.swift */,
				6FFECF4022368AA2005CE4CD /* ViewfinderTableViewController.swift */,
				6FFECF3622366DC5005CE4CD /* LogoTableViewController.swift */,
				6FFECF3C223676C9005CE4CD /* ControlsTableViewController.swift */,
				A2CC098B255E9D7600C2E3EA /* GesturesTableViewController.swift */,
			);
			path = View;
			sourceTree = "<group>";
		};
		6F869D4222329F0000E20833 /* Other */ = {
			isa = PBXGroup;
			children = (
				6F869D1D2231191500E20833 /* DataSource.swift */,
				6F869D192231187700E20833 /* DataSourceDelegate.swift */,
				6F144A13222E8E1A002C5C3E /* Section.swift */,
				6F144A15222E8E2D002C5C3E /* Row.swift */,
				6FFECF2C2232B0A1005CE4CD /* Row+Specializations.swift */,
			);
			path = Other;
			sourceTree = "<group>";
		};
		6F869D4522329F5700E20833 /* View */ = {
			isa = PBXGroup;
			children = (
				6F869D4322329F5300E20833 /* ScanAreaDataSource.swift */,
				6FFECF302232C345005CE4CD /* PointOfInterestDataSource.swift */,
				6FFECF342232CD38005CE4CD /* OverlayDataSource.swift */,
				6FFECF4422369B1B005CE4CD /* Viewfinder */,
				6FFECF3822366DFB005CE4CD /* LogoDataSource.swift */,
				6FFECF3E223676E2005CE4CD /* ControlsDataSource.swift */,
				A2CC098D255E9DE700C2E3EA /* GesturesDataSource.swift */,
			);
			path = View;
			sourceTree = "<group>";
		};
		6FA0B284219AE7B600FF780A = {
			isa = PBXGroup;
			children = (
				65203C832577F711006246C6 /* Configuration */,
				6FA0B28F219AE7B600FF780A /* BarcodeCaptureSettingsSample */,
				6FA0B2A2219AF55800FF780A /* Frameworks */,
				6FA0B28E219AE7B600FF780A /* Products */,
			);
			sourceTree = "<group>";
		};
		6FA0B28E219AE7B600FF780A /* Products */ = {
			isa = PBXGroup;
			children = (
				6FA0B28D219AE7B600FF780A /* BarcodeCaptureSettingsSample.app */,
			);
			name = Products;
			sourceTree = "<group>";
		};
		6FA0B28F219AE7B600FF780A /* BarcodeCaptureSettingsSample */ = {
			isa = PBXGroup;
			children = (
				6FA0B290219AE7B600FF780A /* AppDelegate.swift */,
				6F361E73223FAE78009744EF /* Constants.swift */,
				6F144A20222EA057002C5C3E /* Storyboards */,
				6F144A19222E92B6002C5C3E /* Controllers */,
				6F869D0F223009FC00E20833 /* Model */,
				6F144A12222E8E04002C5C3E /* Data Source */,
				6F1CE39E222E6CD800115679 /* Views */,
				6F144A1B222E92EA002C5C3E /* Extensions */,
				6FA0B297219AE7B800FF780A /* Assets.xcassets */,
				6FA0B299219AE7B800FF780A /* LaunchScreen.storyboard */,
				6FA0B29C219AE7B800FF780A /* Info.plist */,
			);
			path = BarcodeCaptureSettingsSample;
			sourceTree = "<group>";
		};
		6FA0B2A2219AF55800FF780A /* Frameworks */ = {
			isa = PBXGroup;
			children = (
				65A7986425C04DCD0032289B /* ScanditBarcodeCapture.xcframework */,
				65A7986325C04DCC0032289B /* ScanditCaptureCore.xcframework */,
			);
			name = Frameworks;
			path = ../../frameworks;
			sourceTree = "<group>";
		};
		6FFECF4422369B1B005CE4CD /* Viewfinder */ = {
			isa = PBXGroup;
			children = (
				6FFECF4222368AEA005CE4CD /* ViewfinderDataSource.swift */,
				652F0B3C2615D0650075D4C2 /* RectangularViewfinderDisabledColor.swift */,
				6FFECF4522369B2A005CE4CD /* RectangularViewfinderColor.swift */,
				6FFECF4722369EDA005CE4CD /* LaserlineViewfinderEnabledColor.swift */,
				6FFECF4922369EE5005CE4CD /* LaserlineViewfinderDisabledColor.swift */,
				A235C1812565598A00A69123 /* AimerViewfinderFrameColor.swift */,
				A235C18325655A4B00A69123 /* AimerViewfinderDotColor.swift */,
			);
			path = Viewfinder;
			sourceTree = "<group>";
		};
/* End PBXGroup section */

/* Begin PBXNativeTarget section */
		6FA0B28C219AE7B600FF780A /* BarcodeCaptureSettingsSample */ = {
			isa = PBXNativeTarget;
			buildConfigurationList = 6FA0B29F219AE7B800FF780A /* Build configuration list for PBXNativeTarget "BarcodeCaptureSettingsSample" */;
			buildPhases = (
				6FA0B289219AE7B600FF780A /* Sources */,
				6FA0B28A219AE7B600FF780A /* Frameworks */,
				6FA0B28B219AE7B600FF780A /* Resources */,
				6FA0B2B2219AF57200FF780A /* Embed Frameworks */,
			);
			buildRules = (
			);
			dependencies = (
			);
			name = BarcodeCaptureSettingsSample;
			productName = SimpleSampleSwift;
			productReference = 6FA0B28D219AE7B600FF780A /* BarcodeCaptureSettingsSample.app */;
			productType = "com.apple.product-type.application";
		};
/* End PBXNativeTarget section */

/* Begin PBXProject section */
		6FA0B285219AE7B600FF780A /* Project object */ = {
			isa = PBXProject;
			attributes = {
				LastSwiftUpdateCheck = 1010;
				LastUpgradeCheck = 1250;
				ORGANIZATIONNAME = Scandit;
				TargetAttributes = {
					6FA0B28C219AE7B600FF780A = {
						CreatedOnToolsVersion = 10.1;
						LastSwiftMigration = 1020;
					};
				};
			};
			buildConfigurationList = 6FA0B288219AE7B600FF780A /* Build configuration list for PBXProject "BarcodeCaptureSettingsSample" */;
			compatibilityVersion = "Xcode 9.3";
			developmentRegion = en;
			hasScannedForEncodings = 0;
			knownRegions = (
				en,
				Base,
			);
			mainGroup = 6FA0B284219AE7B600FF780A;
			productRefGroup = 6FA0B28E219AE7B600FF780A /* Products */;
			projectDirPath = "";
			projectRoot = "";
			targets = (
				6FA0B28C219AE7B600FF780A /* BarcodeCaptureSettingsSample */,
			);
		};
/* End PBXProject section */

/* Begin PBXResourcesBuildPhase section */
		6FA0B28B219AE7B600FF780A /* Resources */ = {
			isa = PBXResourcesBuildPhase;
			buildActionMask = 2147483647;
			files = (
				6FA0B29B219AE7B800FF780A /* LaunchScreen.storyboard in Resources */,
				6F869D3C2232935500E20833 /* BarcodeCaptureSettings.storyboard in Resources */,
				6F869D3F2232936C00E20833 /* CameraSettings.storyboard in Resources */,
				6F869D3A2232933300E20833 /* ViewSettings.storyboard in Resources */,
				6FA0B298219AE7B800FF780A /* Assets.xcassets in Resources */,
				6F869D34223261D000E20833 /* SliderCell.xib in Resources */,
				6FA0B296219AE7B600FF780A /* Main.storyboard in Resources */,
				65203C852577F711006246C6 /* SampleCode.xcconfig in Resources */,
				6F668AEC225651A300DCA33A /* Result.storyboard in Resources */,
			);
			runOnlyForDeploymentPostprocessing = 0;
		};
/* End PBXResourcesBuildPhase section */

/* Begin PBXSourcesBuildPhase section */
		6FA0B289219AE7B600FF780A /* Sources */ = {
			isa = PBXSourcesBuildPhase;
			buildActionMask = 2147483647;
			files = (
				6F869D2A2231357800E20833 /* BasicCell.swift in Sources */,
				A2E5EA1E261766D100D43871 /* UIColor+Extensions.swift in Sources */,
				A2CC098E255E9DE700C2E3EA /* GesturesDataSource.swift in Sources */,
				6F144A14222E8E1A002C5C3E /* Section.swift in Sources */,
				A235C18425655A4B00A69123 /* AimerViewfinderDotColor.swift in Sources */,
				A235C1822565598A00A69123 /* AimerViewfinderFrameColor.swift in Sources */,
				652F0B3D2615D0650075D4C2 /* RectangularViewfinderDisabledColor.swift in Sources */,
				6FA0B293219AE7B600FF780A /* ScanViewController.swift in Sources */,
				6F144A28222ED63E002C5C3E /* FloatWithUnitChooserViewController.swift in Sources */,
				6F361E76223FAF3F009744EF /* MainTableViewController.swift in Sources */,
				6FFECF4122368AA2005CE4CD /* ViewfinderTableViewController.swift in Sources */,
				6FC1F45A22804006001143CB /* OptionalAny+Extensions.swift in Sources */,
				A2269B1B25277C3700FC7451 /* CompositeTypesDataSource.swift in Sources */,
				6F144A1D222E9EE7002C5C3E /* DataCaptureContext+Licensed.swift in Sources */,
				6F869D152230218500E20833 /* FeedbackTableViewController.swift in Sources */,
				A24906E4255EB8360024A9F3 /* SettingsManager+BarcodeCapture.swift in Sources */,
				6F869D2622311FFC00E20833 /* CameraDataSource.swift in Sources */,
				6F869D0C222FC83A00E20833 /* FloatInputCell.swift in Sources */,
				6FFECF352232CD38005CE4CD /* OverlayDataSource.swift in Sources */,
				6F869D2422311F3000E20833 /* CameraTableViewController.swift in Sources */,
				6F361E6C223A4285009744EF /* SymbologySettingsDataSource.swift in Sources */,
				6FFECF3F223676E2005CE4CD /* ControlsDataSource.swift in Sources */,
				6F869D1C223118CF00E20833 /* LocationSelectionDataSource.swift in Sources */,
				6FFECF2B2232AB00005CE4CD /* Float+Extensions.swift in Sources */,
				6FFECF3722366DC5005CE4CD /* LogoTableViewController.swift in Sources */,
				6FA0B291219AE7B600FF780A /* AppDelegate.swift in Sources */,
				6F144A18222E90A5002C5C3E /* UITableView+Utils.swift in Sources */,
				657F19A322A90A5E002F73F4 /* RectangularSizeSpecification.swift in Sources */,
				6FFECF4A22369EE5005CE4CD /* LaserlineViewfinderDisabledColor.swift in Sources */,
				A24906E8255EB8440024A9F3 /* SettingsManager+View.swift in Sources */,
				6F869D4422329F5300E20833 /* ScanAreaDataSource.swift in Sources */,
				6F869D1822310C2900E20833 /* UITableViewCell+Extensions.swift in Sources */,
				A24906E6255EB83E0024A9F3 /* SettingsManager+Camera.swift in Sources */,
				6FFECF2D2232B0A1005CE4CD /* Row+Specializations.swift in Sources */,
				6F869D3222325E2700E20833 /* SliderCell.swift in Sources */,
				6F869D1A2231187700E20833 /* DataSourceDelegate.swift in Sources */,
				6F869D2222311CB200E20833 /* FeedbackDataSource.swift in Sources */,
				6FFECF312232C345005CE4CD /* PointOfInterestDataSource.swift in Sources */,
				6F668AF02256524E00DCA33A /* ResultDataSource.swift in Sources */,
				A2CC098C255E9D7600C2E3EA /* GesturesTableViewController.swift in Sources */,
				6FFECF4622369B2A005CE4CD /* RectangularViewfinderColor.swift in Sources */,
				6F869D2C22315D9B00E20833 /* ChoiceViewController.swift in Sources */,
				6F869D1E2231191500E20833 /* DataSource.swift in Sources */,
				6F144A2A222FBEF2002C5C3E /* MeasureUnit+Extensions.swift in Sources */,
				6F668AEE225651DD00DCA33A /* ResultTableViewController.swift in Sources */,
				6FFECF2F2232C323005CE4CD /* PointOfInterestTableViewController.swift in Sources */,
				6F869D2822312FC500E20833 /* SettingsTableViewController.swift in Sources */,
				A2269B1925277BF600FC7451 /* CompositeTypes.swift in Sources */,
				A2269B1D2527807700FC7451 /* NumberFormatter+Extensions.swift in Sources */,
				6F869D3022316EA700E20833 /* FocusRange+Extensions.swift in Sources */,
				A2B1653F25DD6B5D008FF68A /* ViewfinderStyles.swift in Sources */,
				6FFECF4322368AEA005CE4CD /* ViewfinderDataSource.swift in Sources */,
				6FFECF3922366DFB005CE4CD /* LogoDataSource.swift in Sources */,
				6F869D2E223161F900E20833 /* VideoResolution+Extensions.swift in Sources */,
				6F361E70223A7749009744EF /* Set+Extensions.swift in Sources */,
				A24906E2255EB19C0024A9F3 /* FocusGestureStrategy+Extensions.swift in Sources */,
				655010FE25345B1E00DB4708 /* DuplicateFilterDataSource.swift in Sources */,
				6F361E6022393AFE009744EF /* SymbologiesTableViewController.swift in Sources */,
				6F869D1122300A0C00E20833 /* SettingsManager.swift in Sources */,
				6F361E6A22396026009744EF /* SymbologySettingsViewController.swift in Sources */,
				6FAC8BBF228067450055CFD6 /* CompositeTypes+Extensions.swift in Sources */,
				6F361E6422393D0D009744EF /* Symbology+Extensions.swift in Sources */,
				6FFECF3B22367440005CE4CD /* Anchor+Extensions.swift in Sources */,
				655010FC253459D900DB4708 /* DuplicateFilterTableViewController.swift in Sources */,
				6F361E6222393B42009744EF /* SymbologiesDataSource.swift in Sources */,
				6F361E6622394A56009744EF /* NavigationController.swift in Sources */,
				6F144A16222E8E2D002C5C3E /* Row.swift in Sources */,
				6FFECF332232CD1F005CE4CD /* OverlayTableViewController.swift in Sources */,
				6F869D482232A42300E20833 /* ScanAreaTableViewController.swift in Sources */,
				6FFECF4822369EDA005CE4CD /* LaserlineViewfinderEnabledColor.swift in Sources */,
				6F1CE3A0222E75B300115679 /* SwitchCell.swift in Sources */,
				6F361E74223FAE78009744EF /* Constants.swift in Sources */,
				6FFECF3D223676C9005CE4CD /* ControlsTableViewController.swift in Sources */,
				6F144A22222EA124002C5C3E /* LocationSelectionTableViewController.swift in Sources */,
			);
			runOnlyForDeploymentPostprocessing = 0;
		};
/* End PBXSourcesBuildPhase section */

/* Begin PBXVariantGroup section */
		6F668AEA225651A300DCA33A /* Result.storyboard */ = {
			isa = PBXVariantGroup;
			children = (
				6F668AEB225651A300DCA33A /* Base */,
			);
			name = Result.storyboard;
			sourceTree = "<group>";
		};
		6F869D382232933300E20833 /* ViewSettings.storyboard */ = {
			isa = PBXVariantGroup;
			children = (
				6F869D392232933300E20833 /* Base */,
			);
			name = ViewSettings.storyboard;
			sourceTree = "<group>";
		};
		6F869D3D2232936C00E20833 /* CameraSettings.storyboard */ = {
			isa = PBXVariantGroup;
			children = (
				6F869D3E2232936C00E20833 /* Base */,
			);
			name = CameraSettings.storyboard;
			sourceTree = "<group>";
		};
		6FA0B294219AE7B600FF780A /* Main.storyboard */ = {
			isa = PBXVariantGroup;
			children = (
				6FA0B295219AE7B600FF780A /* Base */,
			);
			name = Main.storyboard;
			sourceTree = "<group>";
		};
		6FA0B299219AE7B800FF780A /* LaunchScreen.storyboard */ = {
			isa = PBXVariantGroup;
			children = (
				6FA0B29A219AE7B800FF780A /* Base */,
			);
			name = LaunchScreen.storyboard;
			sourceTree = "<group>";
		};
/* End PBXVariantGroup section */

/* Begin XCBuildConfiguration section */
		6FA0B29D219AE7B800FF780A /* Debug */ = {
			isa = XCBuildConfiguration;
			baseConfigurationReference = 65203C842577F711006246C6 /* SampleCode.xcconfig */;
			buildSettings = {
				ALWAYS_SEARCH_USER_PATHS = NO;
				CLANG_ANALYZER_NONNULL = YES;
				CLANG_ANALYZER_NUMBER_OBJECT_CONVERSION = YES_AGGRESSIVE;
				CLANG_CXX_LANGUAGE_STANDARD = "gnu++14";
				CLANG_CXX_LIBRARY = "libc++";
				CLANG_ENABLE_MODULES = YES;
				CLANG_ENABLE_OBJC_ARC = YES;
				CLANG_ENABLE_OBJC_WEAK = YES;
				CLANG_WARN_BLOCK_CAPTURE_AUTORELEASING = YES;
				CLANG_WARN_BOOL_CONVERSION = YES;
				CLANG_WARN_COMMA = YES;
				CLANG_WARN_CONSTANT_CONVERSION = YES;
				CLANG_WARN_DEPRECATED_OBJC_IMPLEMENTATIONS = YES;
				CLANG_WARN_DIRECT_OBJC_ISA_USAGE = YES_ERROR;
				CLANG_WARN_DOCUMENTATION_COMMENTS = YES;
				CLANG_WARN_EMPTY_BODY = YES;
				CLANG_WARN_ENUM_CONVERSION = YES;
				CLANG_WARN_INFINITE_RECURSION = YES;
				CLANG_WARN_INT_CONVERSION = YES;
				CLANG_WARN_NON_LITERAL_NULL_CONVERSION = YES;
				CLANG_WARN_OBJC_IMPLICIT_RETAIN_SELF = YES;
				CLANG_WARN_OBJC_LITERAL_CONVERSION = YES;
				CLANG_WARN_OBJC_ROOT_CLASS = YES_ERROR;
				CLANG_WARN_QUOTED_INCLUDE_IN_FRAMEWORK_HEADER = YES;
				CLANG_WARN_RANGE_LOOP_ANALYSIS = YES;
				CLANG_WARN_STRICT_PROTOTYPES = YES;
				CLANG_WARN_SUSPICIOUS_MOVE = YES;
				CLANG_WARN_UNGUARDED_AVAILABILITY = YES_AGGRESSIVE;
				CLANG_WARN_UNREACHABLE_CODE = YES;
				CLANG_WARN__DUPLICATE_METHOD_MATCH = YES;
				CODE_SIGN_IDENTITY = "iPhone Developer";
				COPY_PHASE_STRIP = NO;
				DEBUG_INFORMATION_FORMAT = dwarf;
				ENABLE_STRICT_OBJC_MSGSEND = YES;
				ENABLE_TESTABILITY = YES;
				GCC_C_LANGUAGE_STANDARD = gnu11;
				GCC_DYNAMIC_NO_PIC = NO;
				GCC_NO_COMMON_BLOCKS = YES;
				GCC_OPTIMIZATION_LEVEL = 0;
				GCC_PREPROCESSOR_DEFINITIONS = (
					"DEBUG=1",
					"$(inherited)",
				);
				GCC_WARN_64_TO_32_BIT_CONVERSION = YES;
				GCC_WARN_ABOUT_RETURN_TYPE = YES_ERROR;
				GCC_WARN_UNDECLARED_SELECTOR = YES;
				GCC_WARN_UNINITIALIZED_AUTOS = YES_AGGRESSIVE;
				GCC_WARN_UNUSED_FUNCTION = YES;
				GCC_WARN_UNUSED_VARIABLE = YES;
				IPHONEOS_DEPLOYMENT_TARGET = 11.0;
				MTL_ENABLE_DEBUG_INFO = INCLUDE_SOURCE;
				MTL_FAST_MATH = YES;
				ONLY_ACTIVE_ARCH = YES;
				SDKROOT = iphoneos;
				SWIFT_ACTIVE_COMPILATION_CONDITIONS = DEBUG;
				SWIFT_OPTIMIZATION_LEVEL = "-Onone";
			};
			name = Debug;
		};
		6FA0B29E219AE7B800FF780A /* Release */ = {
			isa = XCBuildConfiguration;
			baseConfigurationReference = 65203C842577F711006246C6 /* SampleCode.xcconfig */;
			buildSettings = {
				ALWAYS_SEARCH_USER_PATHS = NO;
				CLANG_ANALYZER_NONNULL = YES;
				CLANG_ANALYZER_NUMBER_OBJECT_CONVERSION = YES_AGGRESSIVE;
				CLANG_CXX_LANGUAGE_STANDARD = "gnu++14";
				CLANG_CXX_LIBRARY = "libc++";
				CLANG_ENABLE_MODULES = YES;
				CLANG_ENABLE_OBJC_ARC = YES;
				CLANG_ENABLE_OBJC_WEAK = YES;
				CLANG_WARN_BLOCK_CAPTURE_AUTORELEASING = YES;
				CLANG_WARN_BOOL_CONVERSION = YES;
				CLANG_WARN_COMMA = YES;
				CLANG_WARN_CONSTANT_CONVERSION = YES;
				CLANG_WARN_DEPRECATED_OBJC_IMPLEMENTATIONS = YES;
				CLANG_WARN_DIRECT_OBJC_ISA_USAGE = YES_ERROR;
				CLANG_WARN_DOCUMENTATION_COMMENTS = YES;
				CLANG_WARN_EMPTY_BODY = YES;
				CLANG_WARN_ENUM_CONVERSION = YES;
				CLANG_WARN_INFINITE_RECURSION = YES;
				CLANG_WARN_INT_CONVERSION = YES;
				CLANG_WARN_NON_LITERAL_NULL_CONVERSION = YES;
				CLANG_WARN_OBJC_IMPLICIT_RETAIN_SELF = YES;
				CLANG_WARN_OBJC_LITERAL_CONVERSION = YES;
				CLANG_WARN_OBJC_ROOT_CLASS = YES_ERROR;
				CLANG_WARN_QUOTED_INCLUDE_IN_FRAMEWORK_HEADER = YES;
				CLANG_WARN_RANGE_LOOP_ANALYSIS = YES;
				CLANG_WARN_STRICT_PROTOTYPES = YES;
				CLANG_WARN_SUSPICIOUS_MOVE = YES;
				CLANG_WARN_UNGUARDED_AVAILABILITY = YES_AGGRESSIVE;
				CLANG_WARN_UNREACHABLE_CODE = YES;
				CLANG_WARN__DUPLICATE_METHOD_MATCH = YES;
				CODE_SIGN_IDENTITY = "iPhone Developer";
				COPY_PHASE_STRIP = NO;
				DEBUG_INFORMATION_FORMAT = "dwarf-with-dsym";
				ENABLE_NS_ASSERTIONS = NO;
				ENABLE_STRICT_OBJC_MSGSEND = YES;
				GCC_C_LANGUAGE_STANDARD = gnu11;
				GCC_NO_COMMON_BLOCKS = YES;
				GCC_WARN_64_TO_32_BIT_CONVERSION = YES;
				GCC_WARN_ABOUT_RETURN_TYPE = YES_ERROR;
				GCC_WARN_UNDECLARED_SELECTOR = YES;
				GCC_WARN_UNINITIALIZED_AUTOS = YES_AGGRESSIVE;
				GCC_WARN_UNUSED_FUNCTION = YES;
				GCC_WARN_UNUSED_VARIABLE = YES;
				IPHONEOS_DEPLOYMENT_TARGET = 11.0;
				MTL_ENABLE_DEBUG_INFO = NO;
				MTL_FAST_MATH = YES;
				SDKROOT = iphoneos;
				SWIFT_COMPILATION_MODE = wholemodule;
				SWIFT_OPTIMIZATION_LEVEL = "-O";
				VALIDATE_PRODUCT = YES;
			};
			name = Release;
		};
		6FA0B2A0219AE7B800FF780A /* Debug */ = {
			isa = XCBuildConfiguration;
			baseConfigurationReference = 65203C842577F711006246C6 /* SampleCode.xcconfig */;
			buildSettings = {
				ASSETCATALOG_COMPILER_APPICON_NAME = AppIcon;
				CLANG_ENABLE_MODULES = YES;
				CODE_SIGN_IDENTITY = "Apple Development";
				CODE_SIGN_STYLE = Automatic;
				DEVELOPMENT_TEAM = "";
				FRAMEWORK_SEARCH_PATHS = ../../frameworks;
				GCC_TREAT_WARNINGS_AS_ERRORS = YES;
				INFOPLIST_FILE = "$(SRCROOT)/BarcodeCaptureSettingsSample/Info.plist";
				IPHONEOS_DEPLOYMENT_TARGET = 11.0;
				LD_RUNPATH_SEARCH_PATHS = (
					"$(inherited)",
					"@executable_path/Frameworks",
				);
				PRODUCT_BUNDLE_IDENTIFIER = "com.scandit.sdc.settingssample${SAMPLE_CODE_DISAMBIGUATOR}";
				PRODUCT_NAME = "$(TARGET_NAME)";
				PROVISIONING_PROFILE_SPECIFIER = "";
				SWIFT_OPTIMIZATION_LEVEL = "-Onone";
				SWIFT_TREAT_WARNINGS_AS_ERRORS = YES;
				SWIFT_VERSION = 5.0;
				TARGETED_DEVICE_FAMILY = "1,2";
			};
			name = Debug;
		};
		6FA0B2A1219AE7B800FF780A /* Release */ = {
			isa = XCBuildConfiguration;
			baseConfigurationReference = 65203C842577F711006246C6 /* SampleCode.xcconfig */;
			buildSettings = {
				ASSETCATALOG_COMPILER_APPICON_NAME = AppIcon;
				CLANG_ENABLE_MODULES = YES;
				CODE_SIGN_IDENTITY = "Apple Development";
				CODE_SIGN_STYLE = Automatic;
				DEVELOPMENT_TEAM = "";
				FRAMEWORK_SEARCH_PATHS = ../../frameworks;
				GCC_TREAT_WARNINGS_AS_ERRORS = YES;
				INFOPLIST_FILE = "$(SRCROOT)/BarcodeCaptureSettingsSample/Info.plist";
				IPHONEOS_DEPLOYMENT_TARGET = 11.0;
				LD_RUNPATH_SEARCH_PATHS = (
					"$(inherited)",
					"@executable_path/Frameworks",
				);
				PRODUCT_BUNDLE_IDENTIFIER = "com.scandit.sdc.settingssample${SAMPLE_CODE_DISAMBIGUATOR}";
				PRODUCT_NAME = "$(TARGET_NAME)";
				PROVISIONING_PROFILE_SPECIFIER = "";
				SWIFT_TREAT_WARNINGS_AS_ERRORS = YES;
				SWIFT_VERSION = 5.0;
				TARGETED_DEVICE_FAMILY = "1,2";
			};
			name = Release;
		};
/* End XCBuildConfiguration section */

/* Begin XCConfigurationList section */
		6FA0B288219AE7B600FF780A /* Build configuration list for PBXProject "BarcodeCaptureSettingsSample" */ = {
			isa = XCConfigurationList;
			buildConfigurations = (
				6FA0B29D219AE7B800FF780A /* Debug */,
				6FA0B29E219AE7B800FF780A /* Release */,
			);
			defaultConfigurationIsVisible = 0;
			defaultConfigurationName = Release;
		};
		6FA0B29F219AE7B800FF780A /* Build configuration list for PBXNativeTarget "BarcodeCaptureSettingsSample" */ = {
			isa = XCConfigurationList;
			buildConfigurations = (
				6FA0B2A0219AE7B800FF780A /* Debug */,
				6FA0B2A1219AE7B800FF780A /* Release */,
			);
			defaultConfigurationIsVisible = 0;
			defaultConfigurationName = Release;
		};
/* End XCConfigurationList section */
	};
	rootObject = 6FA0B285219AE7B600FF780A /* Project object */;
}
